// !$*UTF8*$!
{
	archiveVersion = 1;
	classes = {
	};
	objectVersion = 56;
	objects = {

/* Begin PBXBuildFile section */
		6B5E7DB9A7832371F1CCAEE3 /* Pods_SlidysFlutter.framework in Frameworks */ = {isa = PBXBuildFile; fileRef = 63485D03684691BD8F920A33 /* Pods_SlidysFlutter.framework */; };
		C3286A412CDBB41B007367BC /* opening_input.mp4 in Resources */ = {isa = PBXBuildFile; fileRef = C3286A402CDBB41B007367BC /* opening_input.mp4 */; };
		C359A8A32CCE309E00370A72 /* SlidysFlutterApp.swift in Sources */ = {isa = PBXBuildFile; fileRef = C359A8A22CCE309E00370A72 /* SlidysFlutterApp.swift */; };
		C359A8A52CCE309E00370A72 /* ContentView.swift in Sources */ = {isa = PBXBuildFile; fileRef = C359A8A42CCE309E00370A72 /* ContentView.swift */; };
		C359A8A72CCE309F00370A72 /* Assets.xcassets in Resources */ = {isa = PBXBuildFile; fileRef = C359A8A62CCE309F00370A72 /* Assets.xcassets */; };
		C359A8AB2CCE309F00370A72 /* Preview Assets.xcassets in Resources */ = {isa = PBXBuildFile; fileRef = C359A8AA2CCE309F00370A72 /* Preview Assets.xcassets */; };
		C359A8B62CCE3D3D00370A72 /* FlutterView.swift in Sources */ = {isa = PBXBuildFile; fileRef = C359A8B52CCE3D3D00370A72 /* FlutterView.swift */; };
		C383EDEA2D296F8D00D84F6F /* SlidysCommon in Frameworks */ = {isa = PBXBuildFile; productRef = C383EDE92D296F8D00D84F6F /* SlidysCommon */; };
		C383EDEC2D29720700D84F6F /* FlutterKaigiSlide in Frameworks */ = {isa = PBXBuildFile; productRef = C383EDEB2D29720700D84F6F /* FlutterKaigiSlide */; };
		C3D0D6B02CE049AA0055F861 /* FlutterAppDelegate.swift in Sources */ = {isa = PBXBuildFile; fileRef = C3D0D6AF2CE049AA0055F861 /* FlutterAppDelegate.swift */; };
		C3D0D6B52CE055F60055F861 /* Router.swift in Sources */ = {isa = PBXBuildFile; fileRef = C3D0D6B42CE055F60055F861 /* Router.swift */; };
		C3D0D6B72CE077530055F861 /* FlutterEngineManager.swift in Sources */ = {isa = PBXBuildFile; fileRef = C3D0D6B62CE077530055F861 /* FlutterEngineManager.swift */; };
/* End PBXBuildFile section */

/* Begin PBXCopyFilesBuildPhase section */
		C3E9A1AF2CDFB8430022F34A /* Embed Frameworks */ = {
			isa = PBXCopyFilesBuildPhase;
			buildActionMask = 2147483647;
			dstPath = "";
			dstSubfolderSpec = 10;
			files = (
			);
			name = "Embed Frameworks";
			runOnlyForDeploymentPostprocessing = 0;
		};
/* End PBXCopyFilesBuildPhase section */

/* Begin PBXFileReference section */
		065214C9893866D7DC5A0784 /* Pods-SlidysFlutter.debug.xcconfig */ = {isa = PBXFileReference; includeInIndex = 1; lastKnownFileType = text.xcconfig; name = "Pods-SlidysFlutter.debug.xcconfig"; path = "Target Support Files/Pods-SlidysFlutter/Pods-SlidysFlutter.debug.xcconfig"; sourceTree = "<group>"; };
		4B89B0599B99B529A58C3667 /* Pods-Slidys.release.xcconfig */ = {isa = PBXFileReference; includeInIndex = 1; lastKnownFileType = text.xcconfig; name = "Pods-Slidys.release.xcconfig"; path = "Target Support Files/Pods-Slidys/Pods-Slidys.release.xcconfig"; sourceTree = "<group>"; };
		63485D03684691BD8F920A33 /* Pods_SlidysFlutter.framework */ = {isa = PBXFileReference; explicitFileType = wrapper.framework; includeInIndex = 0; path = Pods_SlidysFlutter.framework; sourceTree = BUILT_PRODUCTS_DIR; };
		665115867B42FE5CE46AC762 /* Pods-FlutterKaigiSlide.debug.xcconfig */ = {isa = PBXFileReference; includeInIndex = 1; lastKnownFileType = text.xcconfig; name = "Pods-FlutterKaigiSlide.debug.xcconfig"; path = "Target Support Files/Pods-FlutterKaigiSlide/Pods-FlutterKaigiSlide.debug.xcconfig"; sourceTree = "<group>"; };
		99CA147A46BF6E71A48DACEC /* Pods_FlutterKaigiSlide.framework */ = {isa = PBXFileReference; explicitFileType = wrapper.framework; includeInIndex = 0; path = Pods_FlutterKaigiSlide.framework; sourceTree = BUILT_PRODUCTS_DIR; };
		9ACDB7B5993A0ECDAF07C147 /* Pods-Slidys.release.xcconfig */ = {isa = PBXFileReference; includeInIndex = 1; lastKnownFileType = text.xcconfig; name = "Pods-Slidys.release.xcconfig"; path = "Target Support Files/Pods-Slidys/Pods-Slidys.release.xcconfig"; sourceTree = "<group>"; };
		A51152F78CD5ADA3B98EF2DC /* Pods-SlidysFlutter.release.xcconfig */ = {isa = PBXFileReference; includeInIndex = 1; lastKnownFileType = text.xcconfig; name = "Pods-SlidysFlutter.release.xcconfig"; path = "Target Support Files/Pods-SlidysFlutter/Pods-SlidysFlutter.release.xcconfig"; sourceTree = "<group>"; };
		B6E5C4E2CA171978BFDD26F4 /* Pods-Slidys.debug.xcconfig */ = {isa = PBXFileReference; includeInIndex = 1; lastKnownFileType = text.xcconfig; name = "Pods-Slidys.debug.xcconfig"; path = "Target Support Files/Pods-Slidys/Pods-Slidys.debug.xcconfig"; sourceTree = "<group>"; };
		BE63C38D864D86218C573BD7 /* Pods-Slidys.debug.xcconfig */ = {isa = PBXFileReference; includeInIndex = 1; lastKnownFileType = text.xcconfig; name = "Pods-Slidys.debug.xcconfig"; path = "Target Support Files/Pods-Slidys/Pods-Slidys.debug.xcconfig"; sourceTree = "<group>"; };
		C3286A402CDBB41B007367BC /* opening_input.mp4 */ = {isa = PBXFileReference; lastKnownFileType = file; path = opening_input.mp4; sourceTree = "<group>"; };
		C359A89F2CCE309E00370A72 /* SlidysFlutter.app */ = {isa = PBXFileReference; explicitFileType = wrapper.application; includeInIndex = 0; path = SlidysFlutter.app; sourceTree = BUILT_PRODUCTS_DIR; };
		C359A8A22CCE309E00370A72 /* SlidysFlutterApp.swift */ = {isa = PBXFileReference; lastKnownFileType = sourcecode.swift; path = SlidysFlutterApp.swift; sourceTree = "<group>"; };
		C359A8A42CCE309E00370A72 /* ContentView.swift */ = {isa = PBXFileReference; lastKnownFileType = sourcecode.swift; path = ContentView.swift; sourceTree = "<group>"; };
		C359A8A62CCE309F00370A72 /* Assets.xcassets */ = {isa = PBXFileReference; lastKnownFileType = folder.assetcatalog; path = Assets.xcassets; sourceTree = "<group>"; };
		C359A8A82CCE309F00370A72 /* SlidysFlutter.entitlements */ = {isa = PBXFileReference; lastKnownFileType = text.plist.entitlements; path = SlidysFlutter.entitlements; sourceTree = "<group>"; };
		C359A8AA2CCE309F00370A72 /* Preview Assets.xcassets */ = {isa = PBXFileReference; lastKnownFileType = folder.assetcatalog; path = "Preview Assets.xcassets"; sourceTree = "<group>"; };
		C359A8B52CCE3D3D00370A72 /* FlutterView.swift */ = {isa = PBXFileReference; lastKnownFileType = sourcecode.swift; path = FlutterView.swift; sourceTree = "<group>"; };
		C3B94A252CE65C5A0024632E /* Info.plist */ = {isa = PBXFileReference; lastKnownFileType = text.plist; path = Info.plist; sourceTree = "<group>"; };
		C3D0D6AC2CDFBD350055F861 /* SlidysFlutterRelease.entitlements */ = {isa = PBXFileReference; lastKnownFileType = text.plist.entitlements; path = SlidysFlutterRelease.entitlements; sourceTree = "<group>"; };
		C3D0D6AF2CE049AA0055F861 /* FlutterAppDelegate.swift */ = {isa = PBXFileReference; lastKnownFileType = sourcecode.swift; path = FlutterAppDelegate.swift; sourceTree = "<group>"; };
		C3D0D6B42CE055F60055F861 /* Router.swift */ = {isa = PBXFileReference; lastKnownFileType = sourcecode.swift; path = Router.swift; sourceTree = "<group>"; };
		C3D0D6B62CE077530055F861 /* FlutterEngineManager.swift */ = {isa = PBXFileReference; fileEncoding = 4; lastKnownFileType = sourcecode.swift; path = FlutterEngineManager.swift; sourceTree = "<group>"; };
		E9619B77083A30446359AF03 /* Pods-FlutterKaigiSlide.release.xcconfig */ = {isa = PBXFileReference; includeInIndex = 1; lastKnownFileType = text.xcconfig; name = "Pods-FlutterKaigiSlide.release.xcconfig"; path = "Target Support Files/Pods-FlutterKaigiSlide/Pods-FlutterKaigiSlide.release.xcconfig"; sourceTree = "<group>"; };
/* End PBXFileReference section */

/* Begin PBXFrameworksBuildPhase section */
		C359A89C2CCE309E00370A72 /* Frameworks */ = {
			isa = PBXFrameworksBuildPhase;
			buildActionMask = 2147483647;
			files = (
				C383EDEC2D29720700D84F6F /* FlutterKaigiSlide in Frameworks */,
				C383EDEA2D296F8D00D84F6F /* SlidysCommon in Frameworks */,
				6B5E7DB9A7832371F1CCAEE3 /* Pods_SlidysFlutter.framework in Frameworks */,
			);
			runOnlyForDeploymentPostprocessing = 0;
		};
/* End PBXFrameworksBuildPhase section */

/* Begin PBXGroup section */
		9DA90DF292DA18BA8A96F5B1 /* Pods */ = {
			isa = PBXGroup;
			children = (
				BE63C38D864D86218C573BD7 /* Pods-Slidys.debug.xcconfig */,
				4B89B0599B99B529A58C3667 /* Pods-Slidys.release.xcconfig */,
				B6E5C4E2CA171978BFDD26F4 /* Pods-Slidys.debug.xcconfig */,
				9ACDB7B5993A0ECDAF07C147 /* Pods-Slidys.release.xcconfig */,
				665115867B42FE5CE46AC762 /* Pods-FlutterKaigiSlide.debug.xcconfig */,
				E9619B77083A30446359AF03 /* Pods-FlutterKaigiSlide.release.xcconfig */,
				065214C9893866D7DC5A0784 /* Pods-SlidysFlutter.debug.xcconfig */,
				A51152F78CD5ADA3B98EF2DC /* Pods-SlidysFlutter.release.xcconfig */,
			);
			path = Pods;
			sourceTree = "<group>";
		};
		9EB32BB0D052B36F8042AF6E /* Frameworks */ = {
			isa = PBXGroup;
			children = (
				99CA147A46BF6E71A48DACEC /* Pods_FlutterKaigiSlide.framework */,
				63485D03684691BD8F920A33 /* Pods_SlidysFlutter.framework */,
			);
			name = Frameworks;
			sourceTree = "<group>";
		};
		C3286A3F2CDBB417007367BC /* Assets */ = {
			isa = PBXGroup;
			children = (
				C3286A402CDBB41B007367BC /* opening_input.mp4 */,
			);
			path = Assets;
			sourceTree = "<group>";
		};
		C359A8962CCE309E00370A72 = {
			isa = PBXGroup;
			children = (
				C359A8A12CCE309E00370A72 /* SlidysFlutter */,
				C359A8A02CCE309E00370A72 /* Products */,
				9DA90DF292DA18BA8A96F5B1 /* Pods */,
				9EB32BB0D052B36F8042AF6E /* Frameworks */,
			);
			sourceTree = "<group>";
		};
		C359A8A02CCE309E00370A72 /* Products */ = {
			isa = PBXGroup;
			children = (
				C359A89F2CCE309E00370A72 /* SlidysFlutter.app */,
			);
			name = Products;
			sourceTree = "<group>";
		};
		C359A8A12CCE309E00370A72 /* SlidysFlutter */ = {
			isa = PBXGroup;
			children = (
				C3B94A252CE65C5A0024632E /* Info.plist */,
				C3D0D6B32CE055E90055F861 /* FlutterKaigiSlide */,
				C3D0D6AE2CE03D3F0055F861 /* Flutter */,
				C3D0D6AC2CDFBD350055F861 /* SlidysFlutterRelease.entitlements */,
				C3286A3F2CDBB417007367BC /* Assets */,
				C359A8B42CCE3D3200370A72 /* Views */,
				C359A8A22CCE309E00370A72 /* SlidysFlutterApp.swift */,
				C359A8A62CCE309F00370A72 /* Assets.xcassets */,
				C359A8A82CCE309F00370A72 /* SlidysFlutter.entitlements */,
				C359A8A92CCE309F00370A72 /* Preview Content */,
			);
			path = SlidysFlutter;
			sourceTree = "<group>";
		};
		C359A8A92CCE309F00370A72 /* Preview Content */ = {
			isa = PBXGroup;
			children = (
				C359A8AA2CCE309F00370A72 /* Preview Assets.xcassets */,
			);
			path = "Preview Content";
			sourceTree = "<group>";
		};
		C359A8B42CCE3D3200370A72 /* Views */ = {
			isa = PBXGroup;
			children = (
				C359A8A42CCE309E00370A72 /* ContentView.swift */,
			);
			path = Views;
			sourceTree = "<group>";
		};
		C3D0D6AE2CE03D3F0055F861 /* Flutter */ = {
			isa = PBXGroup;
			children = (
				C359A8B52CCE3D3D00370A72 /* FlutterView.swift */,
				C3D0D6B62CE077530055F861 /* FlutterEngineManager.swift */,
				C3D0D6AF2CE049AA0055F861 /* FlutterAppDelegate.swift */,
			);
			path = Flutter;
			sourceTree = "<group>";
		};
		C3D0D6B32CE055E90055F861 /* FlutterKaigiSlide */ = {
			isa = PBXGroup;
			children = (
				C3D0D6B42CE055F60055F861 /* Router.swift */,
			);
			path = FlutterKaigiSlide;
			sourceTree = "<group>";
		};
/* End PBXGroup section */

/* Begin PBXNativeTarget section */
		C359A89E2CCE309E00370A72 /* SlidysFlutter */ = {
			isa = PBXNativeTarget;
			buildConfigurationList = C359A8AE2CCE309F00370A72 /* Build configuration list for PBXNativeTarget "SlidysFlutter" */;
			buildPhases = (
				4E12D9ABCAFB5E34DF1D13F6 /* [CP] Check Pods Manifest.lock */,
				8406CA16DD8F7808634BE19A /* [CP-User] Run Flutter Build flutter_kaigi_slide Script */,
				C359A89B2CCE309E00370A72 /* Sources */,
				C359A89C2CCE309E00370A72 /* Frameworks */,
				C359A89D2CCE309E00370A72 /* Resources */,
				C3E9A1AF2CDFB8430022F34A /* Embed Frameworks */,
				ED3B39026F70BE9BAD71E520 /* [CP-User] Embed Flutter Build flutter_kaigi_slide Script */,
			);
			buildRules = (
			);
			dependencies = (
			);
			name = SlidysFlutter;
			packageProductDependencies = (
				C383EDE92D296F8D00D84F6F /* SlidysCommon */,
				C383EDEB2D29720700D84F6F /* FlutterKaigiSlide */,
			);
			productName = Slidys;
			productReference = C359A89F2CCE309E00370A72 /* SlidysFlutter.app */;
			productType = "com.apple.product-type.application";
		};
/* End PBXNativeTarget section */

/* Begin PBXProject section */
		C359A8972CCE309E00370A72 /* Project object */ = {
			isa = PBXProject;
			attributes = {
				BuildIndependentTargetsInParallel = 1;
				LastSwiftUpdateCheck = 1540;
				LastUpgradeCheck = 1540;
				TargetAttributes = {
					C359A89E2CCE309E00370A72 = {
						CreatedOnToolsVersion = 15.4;
					};
				};
			};
			buildConfigurationList = C359A89A2CCE309E00370A72 /* Build configuration list for PBXProject "SlidysFlutter" */;
			compatibilityVersion = "Xcode 14.0";
			developmentRegion = en;
			hasScannedForEncodings = 0;
			knownRegions = (
				en,
				Base,
			);
			mainGroup = C359A8962CCE309E00370A72;
			productRefGroup = C359A8A02CCE309E00370A72 /* Products */;
			projectDirPath = "";
			projectRoot = "";
			targets = (
				C359A89E2CCE309E00370A72 /* SlidysFlutter */,
			);
		};
/* End PBXProject section */

/* Begin PBXResourcesBuildPhase section */
		C359A89D2CCE309E00370A72 /* Resources */ = {
			isa = PBXResourcesBuildPhase;
			buildActionMask = 2147483647;
			files = (
				C359A8AB2CCE309F00370A72 /* Preview Assets.xcassets in Resources */,
				C359A8A72CCE309F00370A72 /* Assets.xcassets in Resources */,
				C3286A412CDBB41B007367BC /* opening_input.mp4 in Resources */,
			);
			runOnlyForDeploymentPostprocessing = 0;
		};
/* End PBXResourcesBuildPhase section */

/* Begin PBXShellScriptBuildPhase section */
		4E12D9ABCAFB5E34DF1D13F6 /* [CP] Check Pods Manifest.lock */ = {
			isa = PBXShellScriptBuildPhase;
			buildActionMask = 2147483647;
			files = (
			);
			inputFileListPaths = (
			);
			inputPaths = (
				"${PODS_PODFILE_DIR_PATH}/Podfile.lock",
				"${PODS_ROOT}/Manifest.lock",
			);
			name = "[CP] Check Pods Manifest.lock";
			outputFileListPaths = (
			);
			outputPaths = (
				"$(DERIVED_FILE_DIR)/Pods-SlidysFlutter-checkManifestLockResult.txt",
			);
			runOnlyForDeploymentPostprocessing = 0;
			shellPath = /bin/sh;
			shellScript = "diff \"${PODS_PODFILE_DIR_PATH}/Podfile.lock\" \"${PODS_ROOT}/Manifest.lock\" > /dev/null\nif [ $? != 0 ] ; then\n    # print error to STDERR\n    echo \"error: The sandbox is not in sync with the Podfile.lock. Run 'pod install' or update your CocoaPods installation.\" >&2\n    exit 1\nfi\n# This output is used by Xcode 'outputs' to avoid re-running this script phase.\necho \"SUCCESS\" > \"${SCRIPT_OUTPUT_FILE_0}\"\n";
			showEnvVarsInLog = 0;
		};
		8406CA16DD8F7808634BE19A /* [CP-User] Run Flutter Build flutter_kaigi_slide Script */ = {
			isa = PBXShellScriptBuildPhase;
			buildActionMask = 2147483647;
			files = (
			);
			name = "[CP-User] Run Flutter Build flutter_kaigi_slide Script";
			runOnlyForDeploymentPostprocessing = 0;
			shellPath = /bin/sh;
			shellScript = "set -e\nset -u\nsource \"${SRCROOT}/../../flutter_kaigi_slide/.ios/Flutter/flutter_export_environment.sh\"\nexport VERBOSE_SCRIPT_LOGGING=1 && \"$FLUTTER_ROOT\"/packages/flutter_tools/bin/xcode_backend.sh build";
		};
		ED3B39026F70BE9BAD71E520 /* [CP-User] Embed Flutter Build flutter_kaigi_slide Script */ = {
			isa = PBXShellScriptBuildPhase;
			buildActionMask = 2147483647;
			files = (
			);
			name = "[CP-User] Embed Flutter Build flutter_kaigi_slide Script";
			runOnlyForDeploymentPostprocessing = 0;
			shellPath = /bin/sh;
			shellScript = "set -e\nset -u\nsource \"${SRCROOT}/../../flutter_kaigi_slide/.ios/Flutter/flutter_export_environment.sh\"\nexport VERBOSE_SCRIPT_LOGGING=1 && \"$FLUTTER_ROOT\"/packages/flutter_tools/bin/xcode_backend.sh embed_and_thin";
		};
/* End PBXShellScriptBuildPhase section */

/* Begin PBXSourcesBuildPhase section */
		C359A89B2CCE309E00370A72 /* Sources */ = {
			isa = PBXSourcesBuildPhase;
			buildActionMask = 2147483647;
			files = (
				C3D0D6B72CE077530055F861 /* FlutterEngineManager.swift in Sources */,
				C359A8A52CCE309E00370A72 /* ContentView.swift in Sources */,
				C3D0D6B02CE049AA0055F861 /* FlutterAppDelegate.swift in Sources */,
				C3D0D6B52CE055F60055F861 /* Router.swift in Sources */,
				C359A8A32CCE309E00370A72 /* SlidysFlutterApp.swift in Sources */,
				C359A8B62CCE3D3D00370A72 /* FlutterView.swift in Sources */,
			);
			runOnlyForDeploymentPostprocessing = 0;
		};
/* End PBXSourcesBuildPhase section */

/* Begin XCBuildConfiguration section */
		C359A8AC2CCE309F00370A72 /* Debug */ = {
			isa = XCBuildConfiguration;
			buildSettings = {
				ALWAYS_SEARCH_USER_PATHS = NO;
				ASSETCATALOG_COMPILER_GENERATE_SWIFT_ASSET_SYMBOL_EXTENSIONS = YES;
				CLANG_ANALYZER_NONNULL = YES;
				CLANG_ANALYZER_NUMBER_OBJECT_CONVERSION = YES_AGGRESSIVE;
				CLANG_CXX_LANGUAGE_STANDARD = "gnu++20";
				CLANG_ENABLE_MODULES = YES;
				CLANG_ENABLE_OBJC_ARC = YES;
				CLANG_ENABLE_OBJC_WEAK = YES;
				CLANG_WARN_BLOCK_CAPTURE_AUTORELEASING = YES;
				CLANG_WARN_BOOL_CONVERSION = YES;
				CLANG_WARN_COMMA = YES;
				CLANG_WARN_CONSTANT_CONVERSION = YES;
				CLANG_WARN_DEPRECATED_OBJC_IMPLEMENTATIONS = YES;
				CLANG_WARN_DIRECT_OBJC_ISA_USAGE = YES_ERROR;
				CLANG_WARN_DOCUMENTATION_COMMENTS = YES;
				CLANG_WARN_EMPTY_BODY = YES;
				CLANG_WARN_ENUM_CONVERSION = YES;
				CLANG_WARN_INFINITE_RECURSION = YES;
				CLANG_WARN_INT_CONVERSION = YES;
				CLANG_WARN_NON_LITERAL_NULL_CONVERSION = YES;
				CLANG_WARN_OBJC_IMPLICIT_RETAIN_SELF = YES;
				CLANG_WARN_OBJC_LITERAL_CONVERSION = YES;
				CLANG_WARN_OBJC_ROOT_CLASS = YES_ERROR;
				CLANG_WARN_QUOTED_INCLUDE_IN_FRAMEWORK_HEADER = YES;
				CLANG_WARN_RANGE_LOOP_ANALYSIS = YES;
				CLANG_WARN_STRICT_PROTOTYPES = YES;
				CLANG_WARN_SUSPICIOUS_MOVE = YES;
				CLANG_WARN_UNGUARDED_AVAILABILITY = YES_AGGRESSIVE;
				CLANG_WARN_UNREACHABLE_CODE = YES;
				CLANG_WARN__DUPLICATE_METHOD_MATCH = YES;
				COPY_PHASE_STRIP = NO;
				DEBUG_INFORMATION_FORMAT = dwarf;
				ENABLE_STRICT_OBJC_MSGSEND = YES;
				ENABLE_TESTABILITY = YES;
				ENABLE_USER_SCRIPT_SANDBOXING = YES;
				GCC_C_LANGUAGE_STANDARD = gnu17;
				GCC_DYNAMIC_NO_PIC = NO;
				GCC_NO_COMMON_BLOCKS = YES;
				GCC_OPTIMIZATION_LEVEL = 0;
				GCC_PREPROCESSOR_DEFINITIONS = (
					"DEBUG=1",
					"$(inherited)",
				);
				GCC_WARN_64_TO_32_BIT_CONVERSION = YES;
				GCC_WARN_ABOUT_RETURN_TYPE = YES_ERROR;
				GCC_WARN_UNDECLARED_SELECTOR = YES;
				GCC_WARN_UNINITIALIZED_AUTOS = YES_AGGRESSIVE;
				GCC_WARN_UNUSED_FUNCTION = YES;
				GCC_WARN_UNUSED_VARIABLE = YES;
				LOCALIZATION_PREFERS_STRING_CATALOGS = YES;
				MTL_ENABLE_DEBUG_INFO = INCLUDE_SOURCE;
				MTL_FAST_MATH = YES;
				ONLY_ACTIVE_ARCH = YES;
				SWIFT_ACTIVE_COMPILATION_CONDITIONS = "DEBUG $(inherited)";
				SWIFT_OPTIMIZATION_LEVEL = "-Onone";
			};
			name = Debug;
		};
		C359A8AD2CCE309F00370A72 /* Release */ = {
			isa = XCBuildConfiguration;
			buildSettings = {
				ALWAYS_SEARCH_USER_PATHS = NO;
				ASSETCATALOG_COMPILER_GENERATE_SWIFT_ASSET_SYMBOL_EXTENSIONS = YES;
				CLANG_ANALYZER_NONNULL = YES;
				CLANG_ANALYZER_NUMBER_OBJECT_CONVERSION = YES_AGGRESSIVE;
				CLANG_CXX_LANGUAGE_STANDARD = "gnu++20";
				CLANG_ENABLE_MODULES = YES;
				CLANG_ENABLE_OBJC_ARC = YES;
				CLANG_ENABLE_OBJC_WEAK = YES;
				CLANG_WARN_BLOCK_CAPTURE_AUTORELEASING = YES;
				CLANG_WARN_BOOL_CONVERSION = YES;
				CLANG_WARN_COMMA = YES;
				CLANG_WARN_CONSTANT_CONVERSION = YES;
				CLANG_WARN_DEPRECATED_OBJC_IMPLEMENTATIONS = YES;
				CLANG_WARN_DIRECT_OBJC_ISA_USAGE = YES_ERROR;
				CLANG_WARN_DOCUMENTATION_COMMENTS = YES;
				CLANG_WARN_EMPTY_BODY = YES;
				CLANG_WARN_ENUM_CONVERSION = YES;
				CLANG_WARN_INFINITE_RECURSION = YES;
				CLANG_WARN_INT_CONVERSION = YES;
				CLANG_WARN_NON_LITERAL_NULL_CONVERSION = YES;
				CLANG_WARN_OBJC_IMPLICIT_RETAIN_SELF = YES;
				CLANG_WARN_OBJC_LITERAL_CONVERSION = YES;
				CLANG_WARN_OBJC_ROOT_CLASS = YES_ERROR;
				CLANG_WARN_QUOTED_INCLUDE_IN_FRAMEWORK_HEADER = YES;
				CLANG_WARN_RANGE_LOOP_ANALYSIS = YES;
				CLANG_WARN_STRICT_PROTOTYPES = YES;
				CLANG_WARN_SUSPICIOUS_MOVE = YES;
				CLANG_WARN_UNGUARDED_AVAILABILITY = YES_AGGRESSIVE;
				CLANG_WARN_UNREACHABLE_CODE = YES;
				CLANG_WARN__DUPLICATE_METHOD_MATCH = YES;
				COPY_PHASE_STRIP = NO;
				DEBUG_INFORMATION_FORMAT = "dwarf-with-dsym";
				ENABLE_NS_ASSERTIONS = NO;
				ENABLE_STRICT_OBJC_MSGSEND = YES;
				ENABLE_USER_SCRIPT_SANDBOXING = YES;
				GCC_C_LANGUAGE_STANDARD = gnu17;
				GCC_NO_COMMON_BLOCKS = YES;
				GCC_WARN_64_TO_32_BIT_CONVERSION = YES;
				GCC_WARN_ABOUT_RETURN_TYPE = YES_ERROR;
				GCC_WARN_UNDECLARED_SELECTOR = YES;
				GCC_WARN_UNINITIALIZED_AUTOS = YES_AGGRESSIVE;
				GCC_WARN_UNUSED_FUNCTION = YES;
				GCC_WARN_UNUSED_VARIABLE = YES;
				LOCALIZATION_PREFERS_STRING_CATALOGS = YES;
				MTL_ENABLE_DEBUG_INFO = NO;
				MTL_FAST_MATH = YES;
				SWIFT_COMPILATION_MODE = wholemodule;
			};
			name = Release;
		};
		C359A8AF2CCE309F00370A72 /* Debug */ = {
			isa = XCBuildConfiguration;
			baseConfigurationReference = 065214C9893866D7DC5A0784 /* Pods-SlidysFlutter.debug.xcconfig */;
			buildSettings = {
				ALWAYS_EMBED_SWIFT_STANDARD_LIBRARIES = YES;
				ASSETCATALOG_COMPILER_APPICON_NAME = AppIcon;
				ASSETCATALOG_COMPILER_GLOBAL_ACCENT_COLOR_NAME = AccentColor;
				CODE_SIGN_ENTITLEMENTS = SlidysFlutter/SlidysFlutter.entitlements;
				CODE_SIGN_STYLE = Automatic;
				CURRENT_PROJECT_VERSION = 1;
				DEVELOPMENT_ASSET_PATHS = "\"SlidysFlutter/Preview Content\"";
				DEVELOPMENT_TEAM = 669226BDWM;
				ENABLE_HARDENED_RUNTIME = YES;
				ENABLE_PREVIEWS = YES;
				ENABLE_USER_SCRIPT_SANDBOXING = NO;
				GENERATE_INFOPLIST_FILE = YES;
				INFOPLIST_FILE = SlidysFlutter/Info.plist;
				INFOPLIST_KEY_CFBundleDisplayName = SlidysFlutter;
				INFOPLIST_KEY_LSApplicationCategoryType = "public.app-category.utilities";
				"INFOPLIST_KEY_UIApplicationSceneManifest_Generation[sdk=iphoneos*]" = YES;
				"INFOPLIST_KEY_UIApplicationSceneManifest_Generation[sdk=iphonesimulator*]" = YES;
				"INFOPLIST_KEY_UIApplicationSupportsIndirectInputEvents[sdk=iphoneos*]" = YES;
				"INFOPLIST_KEY_UIApplicationSupportsIndirectInputEvents[sdk=iphonesimulator*]" = YES;
				"INFOPLIST_KEY_UILaunchScreen_Generation[sdk=iphoneos*]" = YES;
				"INFOPLIST_KEY_UILaunchScreen_Generation[sdk=iphonesimulator*]" = YES;
				"INFOPLIST_KEY_UIStatusBarStyle[sdk=iphoneos*]" = UIStatusBarStyleDefault;
				"INFOPLIST_KEY_UIStatusBarStyle[sdk=iphonesimulator*]" = UIStatusBarStyleDefault;
				INFOPLIST_KEY_UISupportedInterfaceOrientations_iPad = "UIInterfaceOrientationPortrait UIInterfaceOrientationPortraitUpsideDown UIInterfaceOrientationLandscapeLeft UIInterfaceOrientationLandscapeRight";
				INFOPLIST_KEY_UISupportedInterfaceOrientations_iPhone = "UIInterfaceOrientationPortrait UIInterfaceOrientationLandscapeLeft UIInterfaceOrientationLandscapeRight";
				IPHONEOS_DEPLOYMENT_TARGET = 17.6;
				LD_RUNPATH_SEARCH_PATHS = "@executable_path/Frameworks";
				"LD_RUNPATH_SEARCH_PATHS[sdk=macosx*]" = "@executable_path/../Frameworks";
				MACOSX_DEPLOYMENT_TARGET = 14.5;
				MARKETING_VERSION = 1.0.0;
				PRODUCT_BUNDLE_IDENTIFIER = yugo.sugiyama.iOSDC2024SlideFlutter.debug;
				PRODUCT_NAME = "$(TARGET_NAME)";
				SDKROOT = auto;
				SUPPORTED_PLATFORMS = "iphoneos iphonesimulator";
				SUPPORTS_MACCATALYST = NO;
				SWIFT_EMIT_LOC_STRINGS = YES;
				SWIFT_VERSION = 5.0;
				TARGETED_DEVICE_FAMILY = "1,2";
			};
			name = Debug;
		};
		C359A8B02CCE309F00370A72 /* Release */ = {
			isa = XCBuildConfiguration;
			baseConfigurationReference = A51152F78CD5ADA3B98EF2DC /* Pods-SlidysFlutter.release.xcconfig */;
			buildSettings = {
				ALWAYS_EMBED_SWIFT_STANDARD_LIBRARIES = YES;
				ASSETCATALOG_COMPILER_APPICON_NAME = AppIcon;
				ASSETCATALOG_COMPILER_GLOBAL_ACCENT_COLOR_NAME = AccentColor;
				CODE_SIGN_ENTITLEMENTS = SlidysFlutter/SlidysFlutterRelease.entitlements;
				CODE_SIGN_STYLE = Automatic;
				CURRENT_PROJECT_VERSION = 1;
				DEVELOPMENT_ASSET_PATHS = "\"SlidysFlutter/Preview Content\"";
				DEVELOPMENT_TEAM = 669226BDWM;
				ENABLE_HARDENED_RUNTIME = YES;
				ENABLE_PREVIEWS = YES;
				ENABLE_USER_SCRIPT_SANDBOXING = NO;
				GENERATE_INFOPLIST_FILE = YES;
				INFOPLIST_FILE = SlidysFlutter/Info.plist;
				INFOPLIST_KEY_CFBundleDisplayName = SlidysFlutter;
				INFOPLIST_KEY_LSApplicationCategoryType = "public.app-category.utilities";
				"INFOPLIST_KEY_UIApplicationSceneManifest_Generation[sdk=iphoneos*]" = YES;
				"INFOPLIST_KEY_UIApplicationSceneManifest_Generation[sdk=iphonesimulator*]" = YES;
				"INFOPLIST_KEY_UIApplicationSupportsIndirectInputEvents[sdk=iphoneos*]" = YES;
				"INFOPLIST_KEY_UIApplicationSupportsIndirectInputEvents[sdk=iphonesimulator*]" = YES;
				"INFOPLIST_KEY_UILaunchScreen_Generation[sdk=iphoneos*]" = YES;
				"INFOPLIST_KEY_UILaunchScreen_Generation[sdk=iphonesimulator*]" = YES;
				"INFOPLIST_KEY_UIStatusBarStyle[sdk=iphoneos*]" = UIStatusBarStyleDefault;
				"INFOPLIST_KEY_UIStatusBarStyle[sdk=iphonesimulator*]" = UIStatusBarStyleDefault;
				INFOPLIST_KEY_UISupportedInterfaceOrientations_iPad = "UIInterfaceOrientationPortrait UIInterfaceOrientationPortraitUpsideDown UIInterfaceOrientationLandscapeLeft UIInterfaceOrientationLandscapeRight";
				INFOPLIST_KEY_UISupportedInterfaceOrientations_iPhone = "UIInterfaceOrientationPortrait UIInterfaceOrientationLandscapeLeft UIInterfaceOrientationLandscapeRight";
				IPHONEOS_DEPLOYMENT_TARGET = 17.6;
				LD_RUNPATH_SEARCH_PATHS = "@executable_path/Frameworks";
				"LD_RUNPATH_SEARCH_PATHS[sdk=macosx*]" = "@executable_path/../Frameworks";
				MACOSX_DEPLOYMENT_TARGET = 14.5;
				MARKETING_VERSION = 1.0.0;
				PRODUCT_BUNDLE_IDENTIFIER = yugo.sugiyama.iOSDC2024SlideFlutter;
				PRODUCT_NAME = "$(TARGET_NAME)";
				SDKROOT = auto;
				SUPPORTED_PLATFORMS = "iphoneos iphonesimulator";
				SUPPORTS_MACCATALYST = NO;
				SWIFT_EMIT_LOC_STRINGS = YES;
				SWIFT_VERSION = 5.0;
				TARGETED_DEVICE_FAMILY = "1,2";
			};
			name = Release;
		};
/* End XCBuildConfiguration section */

/* Begin XCConfigurationList section */
		C359A89A2CCE309E00370A72 /* Build configuration list for PBXProject "SlidysFlutter" */ = {
			isa = XCConfigurationList;
			buildConfigurations = (
				C359A8AC2CCE309F00370A72 /* Debug */,
				C359A8AD2CCE309F00370A72 /* Release */,
			);
			defaultConfigurationIsVisible = 0;
			defaultConfigurationName = Release;
		};
		C359A8AE2CCE309F00370A72 /* Build configuration list for PBXNativeTarget "SlidysFlutter" */ = {
			isa = XCConfigurationList;
			buildConfigurations = (
				C359A8AF2CCE309F00370A72 /* Debug */,
				C359A8B02CCE309F00370A72 /* Release */,
			);
			defaultConfigurationIsVisible = 0;
			defaultConfigurationName = Release;
		};
/* End XCConfigurationList section */

/* Begin XCSwiftPackageProductDependency section */
		C383EDE92D296F8D00D84F6F /* SlidysCommon */ = {
			isa = XCSwiftPackageProductDependency;
			productName = SlidysCommon;
		};
		C383EDEB2D29720700D84F6F /* FlutterKaigiSlide */ = {
			isa = XCSwiftPackageProductDependency;
			productName = FlutterKaigiSlide;
		};
/* End XCSwiftPackageProductDependency section */
	};
	rootObject = C359A8972CCE309E00370A72 /* Project object */;
}
