{
  "originHash" : "c82c66a12b662ec5adfddf68f08765e004f5ed193d0131aa3a0c6e4f064eb896",
  "pins" : [
    {
      "identity" : "slidekit",
      "kind" : "remoteSourceControl",
      "location" : "https://github.com/mtj0928/SlideKit",
      "state" : {
        "revision" : "4921d605e0fcd8cc58b9d0f50c52625930274be6",
        "version" : "0.6.1"
      }
    },
    {
      "identity" : "swift-algorithms",
      "kind" : "remoteSourceControl",
      "location" : "https://github.com/apple/swift-algorithms.git",
      "state" : {
        "revision" : "f6919dfc309e7f1b56224378b11e28bab5bccc42",
        "version" : "1.2.0"
      }
    },
    {
      "identity" : "swift-numerics",
      "kind" : "remoteSourceControl",
      "location" : "https://github.com/apple/swift-numerics.git",
      "state" : {
        "revision" : "0a5bc04095a675662cf24757cc0640aa2204253b",
        "version" : "1.0.2"
      }
    },
    {
      "identity" : "swift-syntax",
      "kind" : "remoteSourceControl",
      "location" : "https://github.com/swiftlang/swift-syntax",
      "state" : {
        "revision" : "f99ae8aa18f0cf0d53481901f88a0991dc3bd4a2",
        "version" : "601.0.1"
      }
    },
    {
      "identity" : "syntaxink",
      "kind" : "remoteSourceControl",
      "location" : "https://github.com/mtj0928/SyntaxInk",
      "state" : {
        "revision" : "66fea7139f8e27cc2ac7c42fa9a5167c59685e16",
        "version" : "0.0.2"
      }
    },
    {
      "identity" : "yugiohcardeffect",
      "kind" : "remoteSourceControl",
      "location" : "https://github.com/u5-03/YugiohCardEffect",
      "state" : {
        "revision" : "938a2a84ec1e3b042a2a216493e59c2757ab6054",
        "version" : "0.3.0"
      }
    }
  ],
  "version" : 3
}
