// !$*UTF8*$!
{
	archiveVersion = 1;
	classes = {
	};
	objectVersion = 56;
	objects = {

/* Begin PBXBuildFile section */
		C33B7A8C2CE0E8A6007FC049 /* SlidysMacApp.swift in Sources */ = {isa = PBXBuildFile; fileRef = C33B7A8B2CE0E8A6007FC049 /* SlidysMacApp.swift */; };
		C33B7A8E2CE0E8A6007FC049 /* ContentView.swift in Sources */ = {isa = PBXBuildFile; fileRef = C33B7A8D2CE0E8A6007FC049 /* ContentView.swift */; };
		C33B7A902CE0E8A7007FC049 /* Assets.xcassets in Resources */ = {isa = PBXBuildFile; fileRef = C33B7A8F2CE0E8A7007FC049 /* Assets.xcassets */; };
		C33B7A932CE0E8A7007FC049 /* Preview Assets.xcassets in Resources */ = {isa = PBXBuildFile; fileRef = C33B7A922CE0E8A7007FC049 /* Preview Assets.xcassets */; };
		C33B7AA72CE0EA60007FC049 /* ChibaSwiftSlide in Frameworks */ = {isa = PBXBuildFile; productRef = C33B7AA62CE0EA60007FC049 /* ChibaSwiftSlide */; };
		C33B7AA92CE0EA63007FC049 /* KanagawaSwiftSlide in Frameworks */ = {isa = PBXBuildFile; productRef = C33B7AA82CE0EA63007FC049 /* KanagawaSwiftSlide */; };
		C33B7AAF2CE108A6007FC049 /* iOSDCSlide in Frameworks */ = {isa = PBXBuildFile; productRef = C33B7AAE2CE108A6007FC049 /* iOSDCSlide */; };
/* End PBXBuildFile section */

/* Begin PBXFileReference section */
		C33B7A882CE0E8A6007FC049 /* SlidysMac.app */ = {isa = PBXFileReference; explicitFileType = wrapper.application; includeInIndex = 0; path = SlidysMac.app; sourceTree = BUILT_PRODUCTS_DIR; };
		C33B7A8B2CE0E8A6007FC049 /* SlidysMacApp.swift */ = {isa = PBXFileReference; lastKnownFileType = sourcecode.swift; path = SlidysMacApp.swift; sourceTree = "<group>"; };
		C33B7A8D2CE0E8A6007FC049 /* ContentView.swift */ = {isa = PBXFileReference; lastKnownFileType = sourcecode.swift; path = ContentView.swift; sourceTree = "<group>"; };
		C33B7A8F2CE0E8A7007FC049 /* Assets.xcassets */ = {isa = PBXFileReference; lastKnownFileType = folder.assetcatalog; path = Assets.xcassets; sourceTree = "<group>"; };
		C33B7A922CE0E8A7007FC049 /* Preview Assets.xcassets */ = {isa = PBXFileReference; lastKnownFileType = folder.assetcatalog; path = "Preview Assets.xcassets"; sourceTree = "<group>"; };
		C33B7A942CE0E8A7007FC049 /* SlidysMac.entitlements */ = {isa = PBXFileReference; lastKnownFileType = text.plist.entitlements; path = SlidysMac.entitlements; sourceTree = "<group>"; };
		C3B94A232CE63A230024632E /* Info.plist */ = {isa = PBXFileReference; lastKnownFileType = text.plist; path = Info.plist; sourceTree = "<group>"; };
/* End PBXFileReference section */

/* Begin PBXFrameworksBuildPhase section */
		C33B7A852CE0E8A6007FC049 /* Frameworks */ = {
			isa = PBXFrameworksBuildPhase;
			buildActionMask = 2147483647;
			files = (
				C33B7AA72CE0EA60007FC049 /* ChibaSwiftSlide in Frameworks */,
				C33B7AA92CE0EA63007FC049 /* KanagawaSwiftSlide in Frameworks */,
				C33B7AAF2CE108A6007FC049 /* iOSDCSlide in Frameworks */,
			);
			runOnlyForDeploymentPostprocessing = 0;
		};
/* End PBXFrameworksBuildPhase section */

/* Begin PBXGroup section */
		C33B7A7F2CE0E8A6007FC049 = {
			isa = PBXGroup;
			children = (
				C33B7A8A2CE0E8A6007FC049 /* SlidysMac */,
				C33B7A892CE0E8A6007FC049 /* Products */,
				C33B7AA02CE0E9A3007FC049 /* Frameworks */,
			);
			sourceTree = "<group>";
		};
		C33B7A892CE0E8A6007FC049 /* Products */ = {
			isa = PBXGroup;
			children = (
				C33B7A882CE0E8A6007FC049 /* SlidysMac.app */,
			);
			name = Products;
			sourceTree = "<group>";
		};
		C33B7A8A2CE0E8A6007FC049 /* SlidysMac */ = {
			isa = PBXGroup;
			children = (
				C3B94A232CE63A230024632E /* Info.plist */,
				C33B7AA52CE0E9F4007FC049 /* Views */,
				C33B7A8B2CE0E8A6007FC049 /* SlidysMacApp.swift */,
				C33B7A8F2CE0E8A7007FC049 /* Assets.xcassets */,
				C33B7A942CE0E8A7007FC049 /* SlidysMac.entitlements */,
				C33B7A912CE0E8A7007FC049 /* Preview Content */,
			);
			path = SlidysMac;
			sourceTree = "<group>";
		};
		C33B7A912CE0E8A7007FC049 /* Preview Content */ = {
			isa = PBXGroup;
			children = (
				C33B7A922CE0E8A7007FC049 /* Preview Assets.xcassets */,
			);
			path = "Preview Content";
			sourceTree = "<group>";
		};
		C33B7AA02CE0E9A3007FC049 /* Frameworks */ = {
			isa = PBXGroup;
			children = (
			);
			name = Frameworks;
			sourceTree = "<group>";
		};
		C33B7AA52CE0E9F4007FC049 /* Views */ = {
			isa = PBXGroup;
			children = (
				C33B7A8D2CE0E8A6007FC049 /* ContentView.swift */,
			);
			path = Views;
			sourceTree = "<group>";
		};
/* End PBXGroup section */

/* Begin PBXNativeTarget section */
		C33B7A872CE0E8A6007FC049 /* SlidysMac */ = {
			isa = PBXNativeTarget;
			buildConfigurationList = C33B7A972CE0E8A7007FC049 /* Build configuration list for PBXNativeTarget "SlidysMac" */;
			buildPhases = (
				C33B7A842CE0E8A6007FC049 /* Sources */,
				C33B7A852CE0E8A6007FC049 /* Frameworks */,
				C33B7A862CE0E8A6007FC049 /* Resources */,
			);
			buildRules = (
			);
			dependencies = (
			);
			name = SlidysMac;
			packageProductDependencies = (
				C33B7AA62CE0EA60007FC049 /* ChibaSwiftSlide */,
				C33B7AA82CE0EA63007FC049 /* KanagawaSwiftSlide */,
				C33B7AAE2CE108A6007FC049 /* iOSDCSlide */,
			);
			productName = SlidysMac;
			productReference = C33B7A882CE0E8A6007FC049 /* SlidysMac.app */;
			productType = "com.apple.product-type.application";
		};
/* End PBXNativeTarget section */

/* Begin PBXProject section */
		C33B7A802CE0E8A6007FC049 /* Project object */ = {
			isa = PBXProject;
			attributes = {
				BuildIndependentTargetsInParallel = 1;
				LastSwiftUpdateCheck = 1540;
				LastUpgradeCheck = 1540;
				TargetAttributes = {
					C33B7A872CE0E8A6007FC049 = {
						CreatedOnToolsVersion = 15.4;
					};
				};
			};
			buildConfigurationList = C33B7A832CE0E8A6007FC049 /* Build configuration list for PBXProject "SlidysMac" */;
			compatibilityVersion = "Xcode 14.0";
			developmentRegion = en;
			hasScannedForEncodings = 0;
			knownRegions = (
				en,
				Base,
			);
			mainGroup = C33B7A7F2CE0E8A6007FC049;
			productRefGroup = C33B7A892CE0E8A6007FC049 /* Products */;
			projectDirPath = "";
			projectRoot = "";
			targets = (
				C33B7A872CE0E8A6007FC049 /* SlidysMac */,
			);
		};
/* End PBXProject section */

/* Begin PBXResourcesBuildPhase section */
		C33B7A862CE0E8A6007FC049 /* Resources */ = {
			isa = PBXResourcesBuildPhase;
			buildActionMask = 2147483647;
			files = (
				C33B7A932CE0E8A7007FC049 /* Preview Assets.xcassets in Resources */,
				C33B7A902CE0E8A7007FC049 /* Assets.xcassets in Resources */,
			);
			runOnlyForDeploymentPostprocessing = 0;
		};
/* End PBXResourcesBuildPhase section */

/* Begin PBXSourcesBuildPhase section */
		C33B7A842CE0E8A6007FC049 /* Sources */ = {
			isa = PBXSourcesBuildPhase;
			buildActionMask = 2147483647;
			files = (
				C33B7A8E2CE0E8A6007FC049 /* ContentView.swift in Sources */,
				C33B7A8C2CE0E8A6007FC049 /* SlidysMacApp.swift in Sources */,
			);
			runOnlyForDeploymentPostprocessing = 0;
		};
/* End PBXSourcesBuildPhase section */

/* Begin XCBuildConfiguration section */
		C33B7A952CE0E8A7007FC049 /* Debug */ = {
			isa = XCBuildConfiguration;
			buildSettings = {
				ALWAYS_SEARCH_USER_PATHS = NO;
				ASSETCATALOG_COMPILER_GENERATE_SWIFT_ASSET_SYMBOL_EXTENSIONS = YES;
				CLANG_ANALYZER_NONNULL = YES;
				CLANG_ANALYZER_NUMBER_OBJECT_CONVERSION = YES_AGGRESSIVE;
				CLANG_CXX_LANGUAGE_STANDARD = "gnu++20";
				CLANG_ENABLE_MODULES = YES;
				CLANG_ENABLE_OBJC_ARC = YES;
				CLANG_ENABLE_OBJC_WEAK = YES;
				CLANG_WARN_BLOCK_CAPTURE_AUTORELEASING = YES;
				CLANG_WARN_BOOL_CONVERSION = YES;
				CLANG_WARN_COMMA = YES;
				CLANG_WARN_CONSTANT_CONVERSION = YES;
				CLANG_WARN_DEPRECATED_OBJC_IMPLEMENTATIONS = YES;
				CLANG_WARN_DIRECT_OBJC_ISA_USAGE = YES_ERROR;
				CLANG_WARN_DOCUMENTATION_COMMENTS = YES;
				CLANG_WARN_EMPTY_BODY = YES;
				CLANG_WARN_ENUM_CONVERSION = YES;
				CLANG_WARN_INFINITE_RECURSION = YES;
				CLANG_WARN_INT_CONVERSION = YES;
				CLANG_WARN_NON_LITERAL_NULL_CONVERSION = YES;
				CLANG_WARN_OBJC_IMPLICIT_RETAIN_SELF = YES;
				CLANG_WARN_OBJC_LITERAL_CONVERSION = YES;
				CLANG_WARN_OBJC_ROOT_CLASS = YES_ERROR;
				CLANG_WARN_QUOTED_INCLUDE_IN_FRAMEWORK_HEADER = YES;
				CLANG_WARN_RANGE_LOOP_ANALYSIS = YES;
				CLANG_WARN_STRICT_PROTOTYPES = YES;
				CLANG_WARN_SUSPICIOUS_MOVE = YES;
				CLANG_WARN_UNGUARDED_AVAILABILITY = YES_AGGRESSIVE;
				CLANG_WARN_UNREACHABLE_CODE = YES;
				CLANG_WARN__DUPLICATE_METHOD_MATCH = YES;
				COPY_PHASE_STRIP = NO;
				DEBUG_INFORMATION_FORMAT = dwarf;
				ENABLE_STRICT_OBJC_MSGSEND = YES;
				ENABLE_TESTABILITY = YES;
				ENABLE_USER_SCRIPT_SANDBOXING = YES;
				GCC_C_LANGUAGE_STANDARD = gnu17;
				GCC_DYNAMIC_NO_PIC = NO;
				GCC_NO_COMMON_BLOCKS = YES;
				GCC_OPTIMIZATION_LEVEL = 0;
				GCC_PREPROCESSOR_DEFINITIONS = (
					"DEBUG=1",
					"$(inherited)",
				);
				GCC_WARN_64_TO_32_BIT_CONVERSION = YES;
				GCC_WARN_ABOUT_RETURN_TYPE = YES_ERROR;
				GCC_WARN_UNDECLARED_SELECTOR = YES;
				GCC_WARN_UNINITIALIZED_AUTOS = YES_AGGRESSIVE;
				GCC_WARN_UNUSED_FUNCTION = YES;
				GCC_WARN_UNUSED_VARIABLE = YES;
				LOCALIZATION_PREFERS_STRING_CATALOGS = YES;
				MACOSX_DEPLOYMENT_TARGET = 14.0;
				MTL_ENABLE_DEBUG_INFO = INCLUDE_SOURCE;
				MTL_FAST_MATH = YES;
				ONLY_ACTIVE_ARCH = YES;
				SDKROOT = macosx;
				SWIFT_ACTIVE_COMPILATION_CONDITIONS = "DEBUG $(inherited)";
				SWIFT_OPTIMIZATION_LEVEL = "-Onone";
			};
			name = Debug;
		};
		C33B7A962CE0E8A7007FC049 /* Release */ = {
			isa = XCBuildConfiguration;
			buildSettings = {
				ALWAYS_SEARCH_USER_PATHS = NO;
				ASSETCATALOG_COMPILER_GENERATE_SWIFT_ASSET_SYMBOL_EXTENSIONS = YES;
				CLANG_ANALYZER_NONNULL = YES;
				CLANG_ANALYZER_NUMBER_OBJECT_CONVERSION = YES_AGGRESSIVE;
				CLANG_CXX_LANGUAGE_STANDARD = "gnu++20";
				CLANG_ENABLE_MODULES = YES;
				CLANG_ENABLE_OBJC_ARC = YES;
				CLANG_ENABLE_OBJC_WEAK = YES;
				CLANG_WARN_BLOCK_CAPTURE_AUTORELEASING = YES;
				CLANG_WARN_BOOL_CONVERSION = YES;
				CLANG_WARN_COMMA = YES;
				CLANG_WARN_CONSTANT_CONVERSION = YES;
				CLANG_WARN_DEPRECATED_OBJC_IMPLEMENTATIONS = YES;
				CLANG_WARN_DIRECT_OBJC_ISA_USAGE = YES_ERROR;
				CLANG_WARN_DOCUMENTATION_COMMENTS = YES;
				CLANG_WARN_EMPTY_BODY = YES;
				CLANG_WARN_ENUM_CONVERSION = YES;
				CLANG_WARN_INFINITE_RECURSION = YES;
				CLANG_WARN_INT_CONVERSION = YES;
				CLANG_WARN_NON_LITERAL_NULL_CONVERSION = YES;
				CLANG_WARN_OBJC_IMPLICIT_RETAIN_SELF = YES;
				CLANG_WARN_OBJC_LITERAL_CONVERSION = YES;
				CLANG_WARN_OBJC_ROOT_CLASS = YES_ERROR;
				CLANG_WARN_QUOTED_INCLUDE_IN_FRAMEWORK_HEADER = YES;
				CLANG_WARN_RANGE_LOOP_ANALYSIS = YES;
				CLANG_WARN_STRICT_PROTOTYPES = YES;
				CLANG_WARN_SUSPICIOUS_MOVE = YES;
				CLANG_WARN_UNGUARDED_AVAILABILITY = YES_AGGRESSIVE;
				CLANG_WARN_UNREACHABLE_CODE = YES;
				CLANG_WARN__DUPLICATE_METHOD_MATCH = YES;
				COPY_PHASE_STRIP = NO;
				DEBUG_INFORMATION_FORMAT = "dwarf-with-dsym";
				ENABLE_NS_ASSERTIONS = NO;
				ENABLE_STRICT_OBJC_MSGSEND = YES;
				ENABLE_USER_SCRIPT_SANDBOXING = YES;
				GCC_C_LANGUAGE_STANDARD = gnu17;
				GCC_NO_COMMON_BLOCKS = YES;
				GCC_WARN_64_TO_32_BIT_CONVERSION = YES;
				GCC_WARN_ABOUT_RETURN_TYPE = YES_ERROR;
				GCC_WARN_UNDECLARED_SELECTOR = YES;
				GCC_WARN_UNINITIALIZED_AUTOS = YES_AGGRESSIVE;
				GCC_WARN_UNUSED_FUNCTION = YES;
				GCC_WARN_UNUSED_VARIABLE = YES;
				LOCALIZATION_PREFERS_STRING_CATALOGS = YES;
				MACOSX_DEPLOYMENT_TARGET = 14.0;
				MTL_ENABLE_DEBUG_INFO = NO;
				MTL_FAST_MATH = YES;
				SDKROOT = macosx;
				SWIFT_COMPILATION_MODE = wholemodule;
			};
			name = Release;
		};
		C33B7A982CE0E8A7007FC049 /* Debug */ = {
			isa = XCBuildConfiguration;
			buildSettings = {
				ASSETCATALOG_COMPILER_APPICON_NAME = AppIcon;
				ASSETCATALOG_COMPILER_GLOBAL_ACCENT_COLOR_NAME = AccentColor;
				CODE_SIGN_ENTITLEMENTS = SlidysMac/SlidysMac.entitlements;
				CODE_SIGN_STYLE = Automatic;
				COMBINE_HIDPI_IMAGES = YES;
				CURRENT_PROJECT_VERSION = 1;
				DEVELOPMENT_ASSET_PATHS = "\"SlidysMac/Preview Content\"";
				DEVELOPMENT_TEAM = 669226BDWM;
				ENABLE_HARDENED_RUNTIME = YES;
				ENABLE_PREVIEWS = YES;
				GENERATE_INFOPLIST_FILE = YES;
				INFOPLIST_FILE = SlidysMac/Info.plist;
				INFOPLIST_KEY_NSHumanReadableCopyright = "";
				LD_RUNPATH_SEARCH_PATHS = (
					"$(inherited)",
					"@executable_path/../Frameworks",
				);
				MACOSX_DEPLOYMENT_TARGET = 14.0;
				MARKETING_VERSION = 1.0;
				PRODUCT_BUNDLE_IDENTIFIER = yugo.sugiyama.iOSDC2024Slide.debug;
				PRODUCT_NAME = "$(TARGET_NAME)";
				SWIFT_EMIT_LOC_STRINGS = YES;
				SWIFT_VERSION = 5.0;
			};
			name = Debug;
		};
		C33B7A992CE0E8A7007FC049 /* Release */ = {
			isa = XCBuildConfiguration;
			buildSettings = {
				ASSETCATALOG_COMPILER_APPICON_NAME = AppIcon;
				ASSETCATALOG_COMPILER_GLOBAL_ACCENT_COLOR_NAME = AccentColor;
				CODE_SIGN_ENTITLEMENTS = SlidysMac/SlidysMac.entitlements;
				CODE_SIGN_STYLE = Automatic;
				COMBINE_HIDPI_IMAGES = YES;
				CURRENT_PROJECT_VERSION = 1;
				DEVELOPMENT_ASSET_PATHS = "\"SlidysMac/Preview Content\"";
				DEVELOPMENT_TEAM = 669226BDWM;
				ENABLE_HARDENED_RUNTIME = YES;
				ENABLE_PREVIEWS = YES;
				GENERATE_INFOPLIST_FILE = YES;
				INFOPLIST_FILE = SlidysMac/Info.plist;
				INFOPLIST_KEY_NSHumanReadableCopyright = "";
				LD_RUNPATH_SEARCH_PATHS = (
					"$(inherited)",
					"@executable_path/../Frameworks",
				);
				MACOSX_DEPLOYMENT_TARGET = 14.0;
				MARKETING_VERSION = 1.0;
				PRODUCT_BUNDLE_IDENTIFIER = yugo.sugiyama.iOSDC2024Slide;
				PRODUCT_NAME = "$(TARGET_NAME)";
				SWIFT_EMIT_LOC_STRINGS = YES;
				SWIFT_VERSION = 5.0;
			};
			name = Release;
		};
/* End XCBuildConfiguration section */

/* Begin XCConfigurationList section */
		C33B7A832CE0E8A6007FC049 /* Build configuration list for PBXProject "SlidysMac" */ = {
			isa = XCConfigurationList;
			buildConfigurations = (
				C33B7A952CE0E8A7007FC049 /* Debug */,
				C33B7A962CE0E8A7007FC049 /* Release */,
			);
			defaultConfigurationIsVisible = 0;
			defaultConfigurationName = Release;
		};
		C33B7A972CE0E8A7007FC049 /* Build configuration list for PBXNativeTarget "SlidysMac" */ = {
			isa = XCConfigurationList;
			buildConfigurations = (
				C33B7A982CE0E8A7007FC049 /* Debug */,
				C33B7A992CE0E8A7007FC049 /* Release */,
			);
			defaultConfigurationIsVisible = 0;
			defaultConfigurationName = Release;
		};
/* End XCConfigurationList section */

/* Begin XCSwiftPackageProductDependency section */
		C33B7AA62CE0EA60007FC049 /* ChibaSwiftSlide */ = {
			isa = XCSwiftPackageProductDependency;
			productName = ChibaSwiftSlide;
		};
		C33B7AA82CE0EA63007FC049 /* KanagawaSwiftSlide */ = {
			isa = XCSwiftPackageProductDependency;
			productName = KanagawaSwiftSlide;
		};
		C33B7AAE2CE108A6007FC049 /* iOSDCSlide */ = {
			isa = XCSwiftPackageProductDependency;
			productName = iOSDCSlide;
		};
/* End XCSwiftPackageProductDependency section */
	};
	rootObject = C33B7A802CE0E8A6007FC049 /* Project object */;
}
