// !$*UTF8*$!
{
	archiveVersion = 1;
	classes = {
	};
	objectVersion = 77;
	objects = {

/* Begin PBXBuildFile section */
		682E4DE52F71539D00DA3D04 /* SlidysShareCore in Frameworks */ = {isa = PBXBuildFile; productRef = 682E4DE42F71539D00DA3D04 /* SlidysShareCore */; };
		68B3DE2B2F76CE50008D091C /* StoreKit.framework in Frameworks */ = {isa = PBXBuildFile; fileRef = 68B3DE2A2F76CE50008D091C /* StoreKit.framework */; };
		CC00000D000000000000AA0D /* AppStoreScreenshotTestCore in Frameworks */ = {isa = PBXBuildFile; productRef = CC00000B000000000000AA0B /* AppStoreScreenshotTestCore */; };
		CC00000E000000000000AA0E /* SlidysShareCore in Frameworks */ = {isa = PBXBuildFile; productRef = CC00000C000000000000AA0C /* SlidysShareCore */; };
		CC000010000000000000AA10 /* StoreKit.framework in Frameworks */ = {isa = PBXBuildFile; fileRef = 68B3DE2A2F76CE50008D091C /* StoreKit.framework */; };
/* End PBXBuildFile section */

/* Begin PBXContainerItemProxy section */
		682E4D952F70CBEA00DA3D04 /* PBXContainerItemProxy */ = {
			isa = PBXContainerItemProxy;
			containerPortal = 682E4D7F2F70CBE700DA3D04 /* Project object */;
			proxyType = 1;
			remoteGlobalIDString = 682E4D862F70CBE700DA3D04;
			remoteInfo = SlidysShare;
		};
		682E4D9F2F70CBEA00DA3D04 /* PBXContainerItemProxy */ = {
			isa = PBXContainerItemProxy;
			containerPortal = 682E4D7F2F70CBE700DA3D04 /* Project object */;
			proxyType = 1;
			remoteGlobalIDString = 682E4D862F70CBE700DA3D04;
			remoteInfo = SlidysShare;
		};
/* End PBXContainerItemProxy section */

/* Begin PBXFileReference section */
		682E4D872F70CBE700DA3D04 /* SlidysShare.app */ = {isa = PBXFileReference; explicitFileType = wrapper.application; includeInIndex = 0; path = SlidysShare.app; sourceTree = BUILT_PRODUCTS_DIR; };
		682E4D942F70CBEA00DA3D04 /* SlidysShareTests.xctest */ = {isa = PBXFileReference; explicitFileType = wrapper.cfbundle; includeInIndex = 0; path = SlidysShareTests.xctest; sourceTree = BUILT_PRODUCTS_DIR; };
		682E4D9E2F70CBEA00DA3D04 /* SlidysShareUITests.xctest */ = {isa = PBXFileReference; explicitFileType = wrapper.cfbundle; includeInIndex = 0; path = SlidysShareUITests.xctest; sourceTree = BUILT_PRODUCTS_DIR; };
		68B3DE2A2F76CE50008D091C /* StoreKit.framework */ = {isa = PBXFileReference; lastKnownFileType = wrapper.framework; name = StoreKit.framework; path = System/Library/Frameworks/StoreKit.framework; sourceTree = SDKROOT; };
		CC000002000000000000AA02 /* SlidysShareScreenshots.app */ = {isa = PBXFileReference; explicitFileType = wrapper.application; includeInIndex = 0; path = SlidysShareScreenshots.app; sourceTree = BUILT_PRODUCTS_DIR; };
/* End PBXFileReference section */

/* Begin PBXFileSystemSynchronizedBuildFileExceptionSet section */
		CC00000F000000000000AA0F /* Exceptions for "SlidysShare" folder in "SlidysShareScreenshots" target */ = {
			isa = PBXFileSystemSynchronizedBuildFileExceptionSet;
			membershipExceptions = (
				SlidysShareApp.swift,
			);
			target = CC000001000000000000AA01 /* SlidysShareScreenshots */;
		};
/* End PBXFileSystemSynchronizedBuildFileExceptionSet section */

/* Begin PBXFileSystemSynchronizedRootGroup section */
		682E4D892F70CBE700DA3D04 /* SlidysShare */ = {
			isa = PBXFileSystemSynchronizedRootGroup;
			exceptions = (
				CC00000F000000000000AA0F /* Exceptions for "SlidysShare" folder in "SlidysShareScreenshots" target */,
			);
			path = SlidysShare;
			sourceTree = "<group>";
		};
		682E4D972F70CBEA00DA3D04 /* SlidysShareTests */ = {
			isa = PBXFileSystemSynchronizedRootGroup;
			path = SlidysShareTests;
			sourceTree = "<group>";
		};
		682E4DA12F70CBEA00DA3D04 /* SlidysShareUITests */ = {
			isa = PBXFileSystemSynchronizedRootGroup;
			path = SlidysShareUITests;
			sourceTree = "<group>";
		};
		CC000009000000000000AA09 /* SlidysShareScreenshots */ = {
			isa = PBXFileSystemSynchronizedRootGroup;
			path = SlidysShareScreenshots;
			sourceTree = "<group>";
		};
/* End PBXFileSystemSynchronizedRootGroup section */

/* Begin PBXFrameworksBuildPhase section */
		682E4D842F70CBE700DA3D04 /* Frameworks */ = {
			isa = PBXFrameworksBuildPhase;
			buildActionMask = 2147483647;
			files = (
				682E4DE52F71539D00DA3D04 /* SlidysShareCore in Frameworks */,
				68B3DE2B2F76CE50008D091C /* StoreKit.framework in Frameworks */,
			);
			runOnlyForDeploymentPostprocessing = 0;
		};
		682E4D912F70CBEA00DA3D04 /* Frameworks */ = {
			isa = PBXFrameworksBuildPhase;
			buildActionMask = 2147483647;
			files = (
			);
			runOnlyForDeploymentPostprocessing = 0;
		};
		682E4D9B2F70CBEA00DA3D04 /* Frameworks */ = {
			isa = PBXFrameworksBuildPhase;
			buildActionMask = 2147483647;
			files = (
			);
			runOnlyForDeploymentPostprocessing = 0;
		};
		CC000004000000000000AA04 /* Frameworks */ = {
			isa = PBXFrameworksBuildPhase;
			buildActionMask = 2147483647;
			files = (
				CC00000D000000000000AA0D /* AppStoreScreenshotTestCore in Frameworks */,
				CC00000E000000000000AA0E /* SlidysShareCore in Frameworks */,
				CC000010000000000000AA10 /* StoreKit.framework in Frameworks */,
			);
			runOnlyForDeploymentPostprocessing = 0;
		};
/* End PBXFrameworksBuildPhase section */

/* Begin PBXGroup section */
		682E4D7E2F70CBE700DA3D04 = {
			isa = PBXGroup;
			children = (
				682E4D892F70CBE700DA3D04 /* SlidysShare */,
				682E4D972F70CBEA00DA3D04 /* SlidysShareTests */,
				682E4DA12F70CBEA00DA3D04 /* SlidysShareUITests */,
				CC000009000000000000AA09 /* SlidysShareScreenshots */,
				682E4ECC2F744D6900DA3D04 /* Frameworks */,
				682E4D882F70CBE700DA3D04 /* Products */,
			);
			sourceTree = "<group>";
		};
		682E4D882F70CBE700DA3D04 /* Products */ = {
			isa = PBXGroup;
			children = (
				682E4D872F70CBE700DA3D04 /* SlidysShare.app */,
				682E4D942F70CBEA00DA3D04 /* SlidysShareTests.xctest */,
				682E4D9E2F70CBEA00DA3D04 /* SlidysShareUITests.xctest */,
				CC000002000000000000AA02 /* SlidysShareScreenshots.app */,
			);
			name = Products;
			sourceTree = "<group>";
		};
		682E4ECC2F744D6900DA3D04 /* Frameworks */ = {
			isa = PBXGroup;
			children = (
				68B3DE2A2F76CE50008D091C /* StoreKit.framework */,
			);
			name = Frameworks;
			sourceTree = "<group>";
		};
/* End PBXGroup section */

/* Begin PBXNativeTarget section */
		682E4D862F70CBE700DA3D04 /* SlidysShare */ = {
			isa = PBXNativeTarget;
			buildConfigurationList = 682E4DA82F70CBEA00DA3D04 /* Build configuration list for PBXNativeTarget "SlidysShare" */;
			buildPhases = (
				682E4D832F70CBE700DA3D04 /* Sources */,
				682E4D842F70CBE700DA3D04 /* Frameworks */,
				682E4D852F70CBE700DA3D04 /* Resources */,
			);
			buildRules = (
			);
			dependencies = (
			);
			fileSystemSynchronizedGroups = (
				682E4D892F70CBE700DA3D04 /* SlidysShare */,
			);
			name = SlidysShare;
			packageProductDependencies = (
				682E4DE42F71539D00DA3D04 /* SlidysShareCore */,
			);
			productName = SlidysShare;
			productReference = 682E4D872F70CBE700DA3D04 /* SlidysShare.app */;
			productType = "com.apple.product-type.application";
		};
		682E4D932F70CBEA00DA3D04 /* SlidysShareTests */ = {
			isa = PBXNativeTarget;
			buildConfigurationList = 682E4DAB2F70CBEA00DA3D04 /* Build configuration list for PBXNativeTarget "SlidysShareTests" */;
			buildPhases = (
				682E4D902F70CBEA00DA3D04 /* Sources */,
				682E4D912F70CBEA00DA3D04 /* Frameworks */,
				682E4D922F70CBEA00DA3D04 /* Resources */,
			);
			buildRules = (
			);
			dependencies = (
				682E4D962F70CBEA00DA3D04 /* PBXTargetDependency */,
			);
			fileSystemSynchronizedGroups = (
				682E4D972F70CBEA00DA3D04 /* SlidysShareTests */,
			);
			name = SlidysShareTests;
			packageProductDependencies = (
			);
			productName = SlidysShareTests;
			productReference = 682E4D942F70CBEA00DA3D04 /* SlidysShareTests.xctest */;
			productType = "com.apple.product-type.bundle.unit-test";
		};
		682E4D9D2F70CBEA00DA3D04 /* SlidysShareUITests */ = {
			isa = PBXNativeTarget;
			buildConfigurationList = 682E4DAE2F70CBEA00DA3D04 /* Build configuration list for PBXNativeTarget "SlidysShareUITests" */;
			buildPhases = (
				682E4D9A2F70CBEA00DA3D04 /* Sources */,
				682E4D9B2F70CBEA00DA3D04 /* Frameworks */,
				682E4D9C2F70CBEA00DA3D04 /* Resources */,
			);
			buildRules = (
			);
			dependencies = (
				682E4DA02F70CBEA00DA3D04 /* PBXTargetDependency */,
			);
			fileSystemSynchronizedGroups = (
				682E4DA12F70CBEA00DA3D04 /* SlidysShareUITests */,
			);
			name = SlidysShareUITests;
			packageProductDependencies = (
			);
			productName = SlidysShareUITests;
			productReference = 682E4D9E2F70CBEA00DA3D04 /* SlidysShareUITests.xctest */;
			productType = "com.apple.product-type.bundle.ui-testing";
		};
		CC000001000000000000AA01 /* SlidysShareScreenshots */ = {
			isa = PBXNativeTarget;
			buildConfigurationList = CC000008000000000000AA08 /* Build configuration list for PBXNativeTarget "SlidysShareScreenshots" */;
			buildPhases = (
				CC000003000000000000AA03 /* Sources */,
				CC000004000000000000AA04 /* Frameworks */,
				CC000005000000000000AA05 /* Resources */,
			);
			buildRules = (
			);
			dependencies = (
			);
			fileSystemSynchronizedGroups = (
				682E4D892F70CBE700DA3D04 /* SlidysShare */,
				CC000009000000000000AA09 /* SlidysShareScreenshots */,
			);
			name = SlidysShareScreenshots;
			packageProductDependencies = (
				CC00000B000000000000AA0B /* AppStoreScreenshotTestCore */,
				CC00000C000000000000AA0C /* SlidysShareCore */,
			);
			productName = SlidysShareScreenshots;
			productReference = CC000002000000000000AA02 /* SlidysShareScreenshots.app */;
			productType = "com.apple.product-type.application";
		};
/* End PBXNativeTarget section */

/* Begin PBXProject section */
		682E4D7F2F70CBE700DA3D04 /* Project object */ = {
			isa = PBXProject;
			attributes = {
				BuildIndependentTargetsInParallel = 1;
				LastSwiftUpdateCheck = 2630;
				LastUpgradeCheck = 2630;
				TargetAttributes = {
					682E4D862F70CBE700DA3D04 = {
						CreatedOnToolsVersion = 26.3;
					};
					682E4D932F70CBEA00DA3D04 = {
						CreatedOnToolsVersion = 26.3;
						TestTargetID = 682E4D862F70CBE700DA3D04;
					};
					682E4D9D2F70CBEA00DA3D04 = {
						CreatedOnToolsVersion = 26.3;
						TestTargetID = 682E4D862F70CBE700DA3D04;
					};
					CC000001000000000000AA01 = {
						CreatedOnToolsVersion = 26.3;
					};
				};
			};
			buildConfigurationList = 682E4D822F70CBE700DA3D04 /* Build configuration list for PBXProject "SlidysShare" */;
			developmentRegion = en;
			hasScannedForEncodings = 0;
			knownRegions = (
				en,
				Base,
				ja,
			);
			mainGroup = 682E4D7E2F70CBE700DA3D04;
			minimizedProjectReferenceProxies = 1;
			packageReferences = (
				682E4DE32F71539D00DA3D04 /* XCLocalSwiftPackageReference "../../Packages/SlidysShareCore" */,
				CC00000A000000000000AA0A /* XCLocalSwiftPackageReference "../../../AppStoreScreenshotTest" */,
			);
			preferredProjectObjectVersion = 77;
			productRefGroup = 682E4D882F70CBE700DA3D04 /* Products */;
			projectDirPath = "";
			projectRoot = "";
			targets = (
				682E4D862F70CBE700DA3D04 /* SlidysShare */,
				682E4D932F70CBEA00DA3D04 /* SlidysShareTests */,
				682E4D9D2F70CBEA00DA3D04 /* SlidysShareUITests */,
				CC000001000000000000AA01 /* SlidysShareScreenshots */,
			);
		};
/* End PBXProject section */

/* Begin PBXResourcesBuildPhase section */
		682E4D852F70CBE700DA3D04 /* Resources */ = {
			isa = PBXResourcesBuildPhase;
			buildActionMask = 2147483647;
			files = (
			);
			runOnlyForDeploymentPostprocessing = 0;
		};
		682E4D922F70CBEA00DA3D04 /* Resources */ = {
			isa = PBXResourcesBuildPhase;
			buildActionMask = 2147483647;
			files = (
			);
			runOnlyForDeploymentPostprocessing = 0;
		};
		682E4D9C2F70CBEA00DA3D04 /* Resources */ = {
			isa = PBXResourcesBuildPhase;
			buildActionMask = 2147483647;
			files = (
			);
			runOnlyForDeploymentPostprocessing = 0;
		};
		CC000005000000000000AA05 /* Resources */ = {
			isa = PBXResourcesBuildPhase;
			buildActionMask = 2147483647;
			files = (
			);
			runOnlyForDeploymentPostprocessing = 0;
		};
/* End PBXResourcesBuildPhase section */

/* Begin PBXSourcesBuildPhase section */
		682E4D832F70CBE700DA3D04 /* Sources */ = {
			isa = PBXSourcesBuildPhase;
			buildActionMask = 2147483647;
			files = (
			);
			runOnlyForDeploymentPostprocessing = 0;
		};
		682E4D902F70CBEA00DA3D04 /* Sources */ = {
			isa = PBXSourcesBuildPhase;
			buildActionMask = 2147483647;
			files = (
			);
			runOnlyForDeploymentPostprocessing = 0;
		};
		682E4D9A2F70CBEA00DA3D04 /* Sources */ = {
			isa = PBXSourcesBuildPhase;
			buildActionMask = 2147483647;
			files = (
			);
			runOnlyForDeploymentPostprocessing = 0;
		};
		CC000003000000000000AA03 /* Sources */ = {
			isa = PBXSourcesBuildPhase;
			buildActionMask = 2147483647;
			files = (
			);
			runOnlyForDeploymentPostprocessing = 0;
		};
/* End PBXSourcesBuildPhase section */

/* Begin PBXTargetDependency section */
		682E4D962F70CBEA00DA3D04 /* PBXTargetDependency */ = {
			isa = PBXTargetDependency;
			target = 682E4D862F70CBE700DA3D04 /* SlidysShare */;
			targetProxy = 682E4D952F70CBEA00DA3D04 /* PBXContainerItemProxy */;
		};
		682E4DA02F70CBEA00DA3D04 /* PBXTargetDependency */ = {
			isa = PBXTargetDependency;
			target = 682E4D862F70CBE700DA3D04 /* SlidysShare */;
			targetProxy = 682E4D9F2F70CBEA00DA3D04 /* PBXContainerItemProxy */;
		};
/* End PBXTargetDependency section */

/* Begin XCBuildConfiguration section */
		682E4DA62F70CBEA00DA3D04 /* Debug */ = {
			isa = XCBuildConfiguration;
			buildSettings = {
				ALWAYS_SEARCH_USER_PATHS = NO;
				ASSETCATALOG_COMPILER_GENERATE_SWIFT_ASSET_SYMBOL_EXTENSIONS = YES;
				CLANG_ANALYZER_NONNULL = YES;
				CLANG_ANALYZER_NUMBER_OBJECT_CONVERSION = YES_AGGRESSIVE;
				CLANG_CXX_LANGUAGE_STANDARD = "gnu++20";
				CLANG_ENABLE_MODULES = YES;
				CLANG_ENABLE_OBJC_ARC = YES;
				CLANG_ENABLE_OBJC_WEAK = YES;
				CLANG_WARN_BLOCK_CAPTURE_AUTORELEASING = YES;
				CLANG_WARN_BOOL_CONVERSION = YES;
				CLANG_WARN_COMMA = YES;
				CLANG_WARN_CONSTANT_CONVERSION = YES;
				CLANG_WARN_DEPRECATED_OBJC_IMPLEMENTATIONS = YES;
				CLANG_WARN_DIRECT_OBJC_ISA_USAGE = YES_ERROR;
				CLANG_WARN_DOCUMENTATION_COMMENTS = YES;
				CLANG_WARN_EMPTY_BODY = YES;
				CLANG_WARN_ENUM_CONVERSION = YES;
				CLANG_WARN_INFINITE_RECURSION = YES;
				CLANG_WARN_INT_CONVERSION = YES;
				CLANG_WARN_NON_LITERAL_NULL_CONVERSION = YES;
				CLANG_WARN_OBJC_IMPLICIT_RETAIN_SELF = YES;
				CLANG_WARN_OBJC_LITERAL_CONVERSION = YES;
				CLANG_WARN_OBJC_ROOT_CLASS = YES_ERROR;
				CLANG_WARN_QUOTED_INCLUDE_IN_FRAMEWORK_HEADER = YES;
				CLANG_WARN_RANGE_LOOP_ANALYSIS = YES;
				CLANG_WARN_STRICT_PROTOTYPES = YES;
				CLANG_WARN_SUSPICIOUS_MOVE = YES;
				CLANG_WARN_UNGUARDED_AVAILABILITY = YES_AGGRESSIVE;
				CLANG_WARN_UNREACHABLE_CODE = YES;
				CLANG_WARN__DUPLICATE_METHOD_MATCH = YES;
				COPY_PHASE_STRIP = NO;
				DEBUG_INFORMATION_FORMAT = dwarf;
				DEVELOPMENT_TEAM = 669226BDWM;
				ENABLE_STRICT_OBJC_MSGSEND = YES;
				ENABLE_TESTABILITY = YES;
				ENABLE_USER_SCRIPT_SANDBOXING = YES;
				GCC_C_LANGUAGE_STANDARD = gnu17;
				GCC_DYNAMIC_NO_PIC = NO;
				GCC_NO_COMMON_BLOCKS = YES;
				GCC_OPTIMIZATION_LEVEL = 0;
				GCC_PREPROCESSOR_DEFINITIONS = (
					"DEBUG=1",
					"$(inherited)",
				);
				GCC_WARN_64_TO_32_BIT_CONVERSION = YES;
				GCC_WARN_ABOUT_RETURN_TYPE = YES_ERROR;
				GCC_WARN_UNDECLARED_SELECTOR = YES;
				GCC_WARN_UNINITIALIZED_AUTOS = YES_AGGRESSIVE;
				GCC_WARN_UNUSED_FUNCTION = YES;
				GCC_WARN_UNUSED_VARIABLE = YES;
				LOCALIZATION_PREFERS_STRING_CATALOGS = YES;
				MTL_ENABLE_DEBUG_INFO = INCLUDE_SOURCE;
				MTL_FAST_MATH = YES;
				ONLY_ACTIVE_ARCH = YES;
				SWIFT_ACTIVE_COMPILATION_CONDITIONS = "DEBUG $(inherited)";
				SWIFT_OPTIMIZATION_LEVEL = "-Onone";
			};
			name = Debug;
		};
		682E4DA72F70CBEA00DA3D04 /* Release */ = {
			isa = XCBuildConfiguration;
			buildSettings = {
				ALWAYS_SEARCH_USER_PATHS = NO;
				ASSETCATALOG_COMPILER_GENERATE_SWIFT_ASSET_SYMBOL_EXTENSIONS = YES;
				CLANG_ANALYZER_NONNULL = YES;
				CLANG_ANALYZER_NUMBER_OBJECT_CONVERSION = YES_AGGRESSIVE;
				CLANG_CXX_LANGUAGE_STANDARD = "gnu++20";
				CLANG_ENABLE_MODULES = YES;
				CLANG_ENABLE_OBJC_ARC = YES;
				CLANG_ENABLE_OBJC_WEAK = YES;
				CLANG_WARN_BLOCK_CAPTURE_AUTORELEASING = YES;
				CLANG_WARN_BOOL_CONVERSION = YES;
				CLANG_WARN_COMMA = YES;
				CLANG_WARN_CONSTANT_CONVERSION = YES;
				CLANG_WARN_DEPRECATED_OBJC_IMPLEMENTATIONS = YES;
				CLANG_WARN_DIRECT_OBJC_ISA_USAGE = YES_ERROR;
				CLANG_WARN_DOCUMENTATION_COMMENTS = YES;
				CLANG_WARN_EMPTY_BODY = YES;
				CLANG_WARN_ENUM_CONVERSION = YES;
				CLANG_WARN_INFINITE_RECURSION = YES;
				CLANG_WARN_INT_CONVERSION = YES;
				CLANG_WARN_NON_LITERAL_NULL_CONVERSION = YES;
				CLANG_WARN_OBJC_IMPLICIT_RETAIN_SELF = YES;
				CLANG_WARN_OBJC_LITERAL_CONVERSION = YES;
				CLANG_WARN_OBJC_ROOT_CLASS = YES_ERROR;
				CLANG_WARN_QUOTED_INCLUDE_IN_FRAMEWORK_HEADER = YES;
				CLANG_WARN_RANGE_LOOP_ANALYSIS = YES;
				CLANG_WARN_STRICT_PROTOTYPES = YES;
				CLANG_WARN_SUSPICIOUS_MOVE = YES;
				CLANG_WARN_UNGUARDED_AVAILABILITY = YES_AGGRESSIVE;
				CLANG_WARN_UNREACHABLE_CODE = YES;
				CLANG_WARN__DUPLICATE_METHOD_MATCH = YES;
				COPY_PHASE_STRIP = NO;
				DEBUG_INFORMATION_FORMAT = "dwarf-with-dsym";
				DEVELOPMENT_TEAM = 669226BDWM;
				ENABLE_NS_ASSERTIONS = NO;
				ENABLE_STRICT_OBJC_MSGSEND = YES;
				ENABLE_USER_SCRIPT_SANDBOXING = YES;
				GCC_C_LANGUAGE_STANDARD = gnu17;
				GCC_NO_COMMON_BLOCKS = YES;
				GCC_WARN_64_TO_32_BIT_CONVERSION = YES;
				GCC_WARN_ABOUT_RETURN_TYPE = YES_ERROR;
				GCC_WARN_UNDECLARED_SELECTOR = YES;
				GCC_WARN_UNINITIALIZED_AUTOS = YES_AGGRESSIVE;
				GCC_WARN_UNUSED_FUNCTION = YES;
				GCC_WARN_UNUSED_VARIABLE = YES;
				LOCALIZATION_PREFERS_STRING_CATALOGS = YES;
				MTL_ENABLE_DEBUG_INFO = NO;
				MTL_FAST_MATH = YES;
				SWIFT_COMPILATION_MODE = wholemodule;
			};
			name = Release;
		};
		682E4DA92F70CBEA00DA3D04 /* Debug */ = {
			isa = XCBuildConfiguration;
			buildSettings = {
				ASSETCATALOG_COMPILER_APPICON_NAME = SlidysShare;
				"ASSETCATALOG_COMPILER_APPICON_NAME[sdk=xros*]" = AppIcon;
				ASSETCATALOG_COMPILER_GLOBAL_ACCENT_COLOR_NAME = AccentColor;
				ASSETCATALOG_COMPILER_INCLUDE_ALL_APPICON_ASSETS = YES;
				CODE_SIGN_ENTITLEMENTS = SlidysShare/SlidysShare.entitlements;
				CODE_SIGN_STYLE = Automatic;
				CURRENT_PROJECT_VERSION = 1;
				DEVELOPMENT_TEAM = 669226BDWM;
				ENABLE_APP_SANDBOX = YES;
				ENABLE_HARDENED_RUNTIME = YES;
				ENABLE_PREVIEWS = YES;
				ENABLE_USER_SELECTED_FILES = readonly;
				GENERATE_INFOPLIST_FILE = YES;
				INFOPLIST_FILE = Info.plist;
				INFOPLIST_KEY_CFBundleDisplayName = SlidysShare;
				INFOPLIST_KEY_ITSAppUsesNonExemptEncryption = NO;
				INFOPLIST_KEY_LSApplicationCategoryType = "public.app-category.utilities";
				INFOPLIST_KEY_LSSupportsOpeningDocumentsInPlace = YES;
				"INFOPLIST_KEY_UIApplicationSceneManifest_Generation[sdk=iphoneos*]" = YES;
				"INFOPLIST_KEY_UIApplicationSceneManifest_Generation[sdk=iphonesimulator*]" = YES;
				"INFOPLIST_KEY_UIApplicationSupportsIndirectInputEvents[sdk=iphoneos*]" = YES;
				"INFOPLIST_KEY_UIApplicationSupportsIndirectInputEvents[sdk=iphonesimulator*]" = YES;
				"INFOPLIST_KEY_UILaunchScreen_Generation[sdk=iphoneos*]" = YES;
				"INFOPLIST_KEY_UILaunchScreen_Generation[sdk=iphonesimulator*]" = YES;
				"INFOPLIST_KEY_UIStatusBarStyle[sdk=iphoneos*]" = UIStatusBarStyleDefault;
				"INFOPLIST_KEY_UIStatusBarStyle[sdk=iphonesimulator*]" = UIStatusBarStyleDefault;
				INFOPLIST_KEY_UISupportedInterfaceOrientations_iPad = "UIInterfaceOrientationPortrait UIInterfaceOrientationPortraitUpsideDown UIInterfaceOrientationLandscapeLeft UIInterfaceOrientationLandscapeRight";
				INFOPLIST_KEY_UISupportedInterfaceOrientations_iPhone = "UIInterfaceOrientationPortrait UIInterfaceOrientationLandscapeLeft UIInterfaceOrientationLandscapeRight";
				IPHONEOS_DEPLOYMENT_TARGET = 26.0;
				LD_RUNPATH_SEARCH_PATHS = "@executable_path/Frameworks";
				"LD_RUNPATH_SEARCH_PATHS[sdk=macosx*]" = "@executable_path/../Frameworks";
				MACOSX_DEPLOYMENT_TARGET = 26.0;
				MARKETING_VERSION = 1.0.0;
				PRODUCT_BUNDLE_IDENTIFIER = yugo.sugiyama.SlidysShare;
				PRODUCT_NAME = "$(TARGET_NAME)";
				REGISTER_APP_GROUPS = YES;
				SDKROOT = auto;
				STRING_CATALOG_GENERATE_SYMBOLS = YES;
				SUPPORTED_PLATFORMS = "iphoneos iphonesimulator macosx xros xrsimulator";
				SWIFT_APPROACHABLE_CONCURRENCY = YES;
				SWIFT_DEFAULT_ACTOR_ISOLATION = MainActor;
				SWIFT_EMIT_LOC_STRINGS = YES;
				SWIFT_UPCOMING_FEATURE_MEMBER_IMPORT_VISIBILITY = YES;
				SWIFT_VERSION = 5.0;
				TARGETED_DEVICE_FAMILY = "1,2,7";
				XROS_DEPLOYMENT_TARGET = 26.0;
			};
			name = Debug;
		};
		682E4DAA2F70CBEA00DA3D04 /* Release */ = {
			isa = XCBuildConfiguration;
			buildSettings = {
				ASSETCATALOG_COMPILER_APPICON_NAME = SlidysShare;
				"ASSETCATALOG_COMPILER_APPICON_NAME[sdk=xros*]" = AppIcon;
				ASSETCATALOG_COMPILER_GLOBAL_ACCENT_COLOR_NAME = AccentColor;
				ASSETCATALOG_COMPILER_INCLUDE_ALL_APPICON_ASSETS = YES;
				CODE_SIGN_ENTITLEMENTS = SlidysShare/SlidysShare.entitlements;
				CODE_SIGN_STYLE = Automatic;
				CURRENT_PROJECT_VERSION = 1;
				DEVELOPMENT_TEAM = 669226BDWM;
				ENABLE_APP_SANDBOX = YES;
				ENABLE_HARDENED_RUNTIME = YES;
				ENABLE_PREVIEWS = YES;
				ENABLE_USER_SELECTED_FILES = readonly;
				GENERATE_INFOPLIST_FILE = YES;
				INFOPLIST_FILE = Info.plist;
				INFOPLIST_KEY_CFBundleDisplayName = SlidysShare;
				INFOPLIST_KEY_ITSAppUsesNonExemptEncryption = NO;
				INFOPLIST_KEY_LSApplicationCategoryType = "public.app-category.utilities";
				INFOPLIST_KEY_LSSupportsOpeningDocumentsInPlace = YES;
				"INFOPLIST_KEY_UIApplicationSceneManifest_Generation[sdk=iphoneos*]" = YES;
				"INFOPLIST_KEY_UIApplicationSceneManifest_Generation[sdk=iphonesimulator*]" = YES;
				"INFOPLIST_KEY_UIApplicationSupportsIndirectInputEvents[sdk=iphoneos*]" = YES;
				"INFOPLIST_KEY_UIApplicationSupportsIndirectInputEvents[sdk=iphonesimulator*]" = YES;
				"INFOPLIST_KEY_UILaunchScreen_Generation[sdk=iphoneos*]" = YES;
				"INFOPLIST_KEY_UILaunchScreen_Generation[sdk=iphonesimulator*]" = YES;
				"INFOPLIST_KEY_UIStatusBarStyle[sdk=iphoneos*]" = UIStatusBarStyleDefault;
				"INFOPLIST_KEY_UIStatusBarStyle[sdk=iphonesimulator*]" = UIStatusBarStyleDefault;
				INFOPLIST_KEY_UISupportedInterfaceOrientations_iPad = "UIInterfaceOrientationPortrait UIInterfaceOrientationPortraitUpsideDown UIInterfaceOrientationLandscapeLeft UIInterfaceOrientationLandscapeRight";
				INFOPLIST_KEY_UISupportedInterfaceOrientations_iPhone = "UIInterfaceOrientationPortrait UIInterfaceOrientationLandscapeLeft UIInterfaceOrientationLandscapeRight";
				IPHONEOS_DEPLOYMENT_TARGET = 26.0;
				LD_RUNPATH_SEARCH_PATHS = "@executable_path/Frameworks";
				"LD_RUNPATH_SEARCH_PATHS[sdk=macosx*]" = "@executable_path/../Frameworks";
				MACOSX_DEPLOYMENT_TARGET = 26.0;
				MARKETING_VERSION = 1.0.0;
				PRODUCT_BUNDLE_IDENTIFIER = yugo.sugiyama.SlidysShare;
				PRODUCT_NAME = "$(TARGET_NAME)";
				REGISTER_APP_GROUPS = YES;
				SDKROOT = auto;
				STRING_CATALOG_GENERATE_SYMBOLS = YES;
				SUPPORTED_PLATFORMS = "iphoneos iphonesimulator macosx xros xrsimulator";
				SWIFT_APPROACHABLE_CONCURRENCY = YES;
				SWIFT_DEFAULT_ACTOR_ISOLATION = MainActor;
				SWIFT_EMIT_LOC_STRINGS = YES;
				SWIFT_UPCOMING_FEATURE_MEMBER_IMPORT_VISIBILITY = YES;
				SWIFT_VERSION = 5.0;
				TARGETED_DEVICE_FAMILY = "1,2,7";
				XROS_DEPLOYMENT_TARGET = 26.0;
			};
			name = Release;
		};
		682E4DAC2F70CBEA00DA3D04 /* Debug */ = {
			isa = XCBuildConfiguration;
			buildSettings = {
				BUNDLE_LOADER = "$(TEST_HOST)";
				CODE_SIGN_STYLE = Automatic;
				CURRENT_PROJECT_VERSION = 1;
				DEVELOPMENT_TEAM = 669226BDWM;
				GENERATE_INFOPLIST_FILE = YES;
				IPHONEOS_DEPLOYMENT_TARGET = 26.2;
				MACOSX_DEPLOYMENT_TARGET = 26.2;
				MARKETING_VERSION = 1.0;
				PRODUCT_BUNDLE_IDENTIFIER = yugo.sugiyama.SlidysShareTests;
				PRODUCT_NAME = "$(TARGET_NAME)";
				SDKROOT = auto;
				STRING_CATALOG_GENERATE_SYMBOLS = NO;
				SUPPORTED_PLATFORMS = "iphoneos iphonesimulator macosx xros xrsimulator";
				SWIFT_APPROACHABLE_CONCURRENCY = YES;
				SWIFT_EMIT_LOC_STRINGS = NO;
				SWIFT_UPCOMING_FEATURE_MEMBER_IMPORT_VISIBILITY = YES;
				SWIFT_VERSION = 5.0;
				TARGETED_DEVICE_FAMILY = "1,2,7";
				TEST_HOST = "$(BUILT_PRODUCTS_DIR)/SlidysShare.app/$(BUNDLE_EXECUTABLE_FOLDER_PATH)/SlidysShare";
				XROS_DEPLOYMENT_TARGET = 26.2;
			};
			name = Debug;
		};
		682E4DAD2F70CBEA00DA3D04 /* Release */ = {
			isa = XCBuildConfiguration;
			buildSettings = {
				BUNDLE_LOADER = "$(TEST_HOST)";
				CODE_SIGN_STYLE = Automatic;
				CURRENT_PROJECT_VERSION = 1;
				DEVELOPMENT_TEAM = 669226BDWM;
				GENERATE_INFOPLIST_FILE = YES;
				IPHONEOS_DEPLOYMENT_TARGET = 26.2;
				MACOSX_DEPLOYMENT_TARGET = 26.2;
				MARKETING_VERSION = 1.0;
				PRODUCT_BUNDLE_IDENTIFIER = yugo.sugiyama.SlidysShareTests;
				PRODUCT_NAME = "$(TARGET_NAME)";
				SDKROOT = auto;
				STRING_CATALOG_GENERATE_SYMBOLS = NO;
				SUPPORTED_PLATFORMS = "iphoneos iphonesimulator macosx xros xrsimulator";
				SWIFT_APPROACHABLE_CONCURRENCY = YES;
				SWIFT_EMIT_LOC_STRINGS = NO;
				SWIFT_UPCOMING_FEATURE_MEMBER_IMPORT_VISIBILITY = YES;
				SWIFT_VERSION = 5.0;
				TARGETED_DEVICE_FAMILY = "1,2,7";
				TEST_HOST = "$(BUILT_PRODUCTS_DIR)/SlidysShare.app/$(BUNDLE_EXECUTABLE_FOLDER_PATH)/SlidysShare";
				XROS_DEPLOYMENT_TARGET = 26.2;
			};
			name = Release;
		};
		682E4DAF2F70CBEA00DA3D04 /* Debug */ = {
			isa = XCBuildConfiguration;
			buildSettings = {
				CODE_SIGN_STYLE = Automatic;
				CURRENT_PROJECT_VERSION = 1;
				DEVELOPMENT_TEAM = 669226BDWM;
				GENERATE_INFOPLIST_FILE = YES;
				IPHONEOS_DEPLOYMENT_TARGET = 26.2;
				MACOSX_DEPLOYMENT_TARGET = 26.2;
				MARKETING_VERSION = 1.0;
				PRODUCT_BUNDLE_IDENTIFIER = yugo.sugiyama.SlidysShareUITests;
				PRODUCT_NAME = "$(TARGET_NAME)";
				SDKROOT = auto;
				STRING_CATALOG_GENERATE_SYMBOLS = NO;
				SUPPORTED_PLATFORMS = "iphoneos iphonesimulator macosx xros xrsimulator";
				SWIFT_APPROACHABLE_CONCURRENCY = YES;
				SWIFT_EMIT_LOC_STRINGS = NO;
				SWIFT_UPCOMING_FEATURE_MEMBER_IMPORT_VISIBILITY = YES;
				SWIFT_VERSION = 5.0;
				TARGETED_DEVICE_FAMILY = "1,2,7";
				TEST_TARGET_NAME = SlidysShare;
				XROS_DEPLOYMENT_TARGET = 26.2;
			};
			name = Debug;
		};
		682E4DB02F70CBEA00DA3D04 /* Release */ = {
			isa = XCBuildConfiguration;
			buildSettings = {
				CODE_SIGN_STYLE = Automatic;
				CURRENT_PROJECT_VERSION = 1;
				DEVELOPMENT_TEAM = 669226BDWM;
				GENERATE_INFOPLIST_FILE = YES;
				IPHONEOS_DEPLOYMENT_TARGET = 26.2;
				MACOSX_DEPLOYMENT_TARGET = 26.2;
				MARKETING_VERSION = 1.0;
				PRODUCT_BUNDLE_IDENTIFIER = yugo.sugiyama.SlidysShareUITests;
				PRODUCT_NAME = "$(TARGET_NAME)";
				SDKROOT = auto;
				STRING_CATALOG_GENERATE_SYMBOLS = NO;
				SUPPORTED_PLATFORMS = "iphoneos iphonesimulator macosx xros xrsimulator";
				SWIFT_APPROACHABLE_CONCURRENCY = YES;
				SWIFT_EMIT_LOC_STRINGS = NO;
				SWIFT_UPCOMING_FEATURE_MEMBER_IMPORT_VISIBILITY = YES;
				SWIFT_VERSION = 5.0;
				TARGETED_DEVICE_FAMILY = "1,2,7";
				TEST_TARGET_NAME = SlidysShare;
				XROS_DEPLOYMENT_TARGET = 26.2;
			};
			name = Release;
		};
		CC000006000000000000AA06 /* Debug */ = {
			isa = XCBuildConfiguration;
			buildSettings = {
				ASSETCATALOG_COMPILER_APPICON_NAME = AppIcon;
				ASSETCATALOG_COMPILER_GLOBAL_ACCENT_COLOR_NAME = AccentColor;
				CODE_SIGN_STYLE = Automatic;
				CURRENT_PROJECT_VERSION = 1;
				DEVELOPMENT_TEAM = 669226BDWM;
				ENABLE_PREVIEWS = YES;
				GENERATE_INFOPLIST_FILE = YES;
				INFOPLIST_KEY_CFBundleDisplayName = SlidysShareScreenshots;
				"INFOPLIST_KEY_UIApplicationSceneManifest_Generation[sdk=iphoneos*]" = YES;
				"INFOPLIST_KEY_UIApplicationSceneManifest_Generation[sdk=iphonesimulator*]" = YES;
				"INFOPLIST_KEY_UIApplicationSupportsIndirectInputEvents[sdk=iphoneos*]" = YES;
				"INFOPLIST_KEY_UIApplicationSupportsIndirectInputEvents[sdk=iphonesimulator*]" = YES;
				"INFOPLIST_KEY_UILaunchScreen_Generation[sdk=iphoneos*]" = YES;
				"INFOPLIST_KEY_UILaunchScreen_Generation[sdk=iphonesimulator*]" = YES;
				"INFOPLIST_KEY_UIStatusBarStyle[sdk=iphoneos*]" = UIStatusBarStyleDefault;
				"INFOPLIST_KEY_UIStatusBarStyle[sdk=iphonesimulator*]" = UIStatusBarStyleDefault;
				INFOPLIST_KEY_UISupportedInterfaceOrientations_iPad = "UIInterfaceOrientationPortrait UIInterfaceOrientationPortraitUpsideDown UIInterfaceOrientationLandscapeLeft UIInterfaceOrientationLandscapeRight";
				INFOPLIST_KEY_UISupportedInterfaceOrientations_iPhone = "UIInterfaceOrientationPortrait UIInterfaceOrientationLandscapeLeft UIInterfaceOrientationLandscapeRight";
				IPHONEOS_DEPLOYMENT_TARGET = 26.0;
				LD_RUNPATH_SEARCH_PATHS = "@executable_path/Frameworks";
				"LD_RUNPATH_SEARCH_PATHS[sdk=macosx*]" = "@executable_path/../Frameworks";
				MACOSX_DEPLOYMENT_TARGET = 26.0;
				MARKETING_VERSION = 1.0.0;
				PRODUCT_BUNDLE_IDENTIFIER = yugo.sugiyama.SlidysShare.Screenshots;
				PRODUCT_NAME = "$(TARGET_NAME)";
				SDKROOT = auto;
				SUPPORTED_PLATFORMS = "iphoneos iphonesimulator macosx xros xrsimulator";
				SWIFT_APPROACHABLE_CONCURRENCY = YES;
				SWIFT_DEFAULT_ACTOR_ISOLATION = MainActor;
				SWIFT_EMIT_LOC_STRINGS = YES;
				SWIFT_UPCOMING_FEATURE_MEMBER_IMPORT_VISIBILITY = YES;
				SWIFT_VERSION = 5.0;
				TARGETED_DEVICE_FAMILY = "1,2,7";
				XROS_DEPLOYMENT_TARGET = 26.0;
			};
			name = Debug;
		};
		CC000007000000000000AA07 /* Release */ = {
			isa = XCBuildConfiguration;
			buildSettings = {
				ASSETCATALOG_COMPILER_APPICON_NAME = AppIcon;
				ASSETCATALOG_COMPILER_GLOBAL_ACCENT_COLOR_NAME = AccentColor;
				CODE_SIGN_STYLE = Automatic;
				CURRENT_PROJECT_VERSION = 1;
				DEVELOPMENT_TEAM = 669226BDWM;
				ENABLE_PREVIEWS = YES;
				GENERATE_INFOPLIST_FILE = YES;
				INFOPLIST_KEY_CFBundleDisplayName = SlidysShareScreenshots;
				"INFOPLIST_KEY_UIApplicationSceneManifest_Generation[sdk=iphoneos*]" = YES;
				"INFOPLIST_KEY_UIApplicationSceneManifest_Generation[sdk=iphonesimulator*]" = YES;
				"INFOPLIST_KEY_UIApplicationSupportsIndirectInputEvents[sdk=iphoneos*]" = YES;
				"INFOPLIST_KEY_UIApplicationSupportsIndirectInputEvents[sdk=iphonesimulator*]" = YES;
				"INFOPLIST_KEY_UILaunchScreen_Generation[sdk=iphoneos*]" = YES;
				"INFOPLIST_KEY_UILaunchScreen_Generation[sdk=iphonesimulator*]" = YES;
				"INFOPLIST_KEY_UIStatusBarStyle[sdk=iphoneos*]" = UIStatusBarStyleDefault;
				"INFOPLIST_KEY_UIStatusBarStyle[sdk=iphonesimulator*]" = UIStatusBarStyleDefault;
				INFOPLIST_KEY_UISupportedInterfaceOrientations_iPad = "UIInterfaceOrientationPortrait UIInterfaceOrientationPortraitUpsideDown UIInterfaceOrientationLandscapeLeft UIInterfaceOrientationLandscapeRight";
				INFOPLIST_KEY_UISupportedInterfaceOrientations_iPhone = "UIInterfaceOrientationPortrait UIInterfaceOrientationLandscapeLeft UIInterfaceOrientationLandscapeRight";
				IPHONEOS_DEPLOYMENT_TARGET = 26.0;
				LD_RUNPATH_SEARCH_PATHS = "@executable_path/Frameworks";
				"LD_RUNPATH_SEARCH_PATHS[sdk=macosx*]" = "@executable_path/../Frameworks";
				MACOSX_DEPLOYMENT_TARGET = 26.0;
				MARKETING_VERSION = 1.0.0;
				PRODUCT_BUNDLE_IDENTIFIER = yugo.sugiyama.SlidysShare.Screenshots;
				PRODUCT_NAME = "$(TARGET_NAME)";
				SDKROOT = auto;
				SUPPORTED_PLATFORMS = "iphoneos iphonesimulator macosx xros xrsimulator";
				SWIFT_APPROACHABLE_CONCURRENCY = YES;
				SWIFT_DEFAULT_ACTOR_ISOLATION = MainActor;
				SWIFT_EMIT_LOC_STRINGS = YES;
				SWIFT_UPCOMING_FEATURE_MEMBER_IMPORT_VISIBILITY = YES;
				SWIFT_VERSION = 5.0;
				TARGETED_DEVICE_FAMILY = "1,2,7";
				XROS_DEPLOYMENT_TARGET = 26.0;
			};
			name = Release;
		};
/* End XCBuildConfiguration section */

/* Begin XCConfigurationList section */
		682E4D822F70CBE700DA3D04 /* Build configuration list for PBXProject "SlidysShare" */ = {
			isa = XCConfigurationList;
			buildConfigurations = (
				682E4DA62F70CBEA00DA3D04 /* Debug */,
				682E4DA72F70CBEA00DA3D04 /* Release */,
			);
			defaultConfigurationIsVisible = 0;
			defaultConfigurationName = Release;
		};
		682E4DA82F70CBEA00DA3D04 /* Build configuration list for PBXNativeTarget "SlidysShare" */ = {
			isa = XCConfigurationList;
			buildConfigurations = (
				682E4DA92F70CBEA00DA3D04 /* Debug */,
				682E4DAA2F70CBEA00DA3D04 /* Release */,
			);
			defaultConfigurationIsVisible = 0;
			defaultConfigurationName = Release;
		};
		682E4DAB2F70CBEA00DA3D04 /* Build configuration list for PBXNativeTarget "SlidysShareTests" */ = {
			isa = XCConfigurationList;
			buildConfigurations = (
				682E4DAC2F70CBEA00DA3D04 /* Debug */,
				682E4DAD2F70CBEA00DA3D04 /* Release */,
			);
			defaultConfigurationIsVisible = 0;
			defaultConfigurationName = Release;
		};
		682E4DAE2F70CBEA00DA3D04 /* Build configuration list for PBXNativeTarget "SlidysShareUITests" */ = {
			isa = XCConfigurationList;
			buildConfigurations = (
				682E4DAF2F70CBEA00DA3D04 /* Debug */,
				682E4DB02F70CBEA00DA3D04 /* Release */,
			);
			defaultConfigurationIsVisible = 0;
			defaultConfigurationName = Release;
		};
		CC000008000000000000AA08 /* Build configuration list for PBXNativeTarget "SlidysShareScreenshots" */ = {
			isa = XCConfigurationList;
			buildConfigurations = (
				CC000006000000000000AA06 /* Debug */,
				CC000007000000000000AA07 /* Release */,
			);
			defaultConfigurationIsVisible = 0;
			defaultConfigurationName = Release;
		};
/* End XCConfigurationList section */

/* Begin XCLocalSwiftPackageReference section */
		682E4DE32F71539D00DA3D04 /* XCLocalSwiftPackageReference "../../Packages/SlidysShareCore" */ = {
			isa = XCLocalSwiftPackageReference;
			relativePath = ../../Packages/SlidysShareCore;
		};
		CC00000A000000000000AA0A /* XCLocalSwiftPackageReference "../../../AppStoreScreenshotTest" */ = {
			isa = XCLocalSwiftPackageReference;
			relativePath = ../../../AppStoreScreenshotTest;
		};
/* End XCLocalSwiftPackageReference section */

/* Begin XCSwiftPackageProductDependency section */
		682E4DE42F71539D00DA3D04 /* SlidysShareCore */ = {
			isa = XCSwiftPackageProductDependency;
			productName = SlidysShareCore;
		};
		CC00000B000000000000AA0B /* AppStoreScreenshotTestCore */ = {
			isa = XCSwiftPackageProductDependency;
			package = CC00000A000000000000AA0A /* XCLocalSwiftPackageReference "../../../AppStoreScreenshotTest" */;
			productName = AppStoreScreenshotTestCore;
		};
		CC00000C000000000000AA0C /* SlidysShareCore */ = {
			isa = XCSwiftPackageProductDependency;
			productName = SlidysShareCore;
		};
/* End XCSwiftPackageProductDependency section */
	};
	rootObject = 682E4D7F2F70CBE700DA3D04 /* Project object */;
}
